// !$*UTF8*$!
{
	archiveVersion = 1;
	classes = {
	};
	objectVersion = 50;
	objects = {

/* Begin PBXBuildFile section */
		30A63C8E79AB45659F2858AB /* libPods-ZECI.a in Frameworks */ = {isa = PBXBuildFile; fileRef = 3927F0F06D5F9CE2CFE33939 /* libPods-ZECI.a */; };
		5E09303A211EB54B00AA98DC /* ZHomeNavView.m in Sources */ = {isa = PBXBuildFile; fileRef = 5E093039211EB54B00AA98DC /* ZHomeNavView.m */; };
		5E09303D211ECD6A00AA98DC /* ZHomeBluetoothListCell.m in Sources */ = {isa = PBXBuildFile; fileRef = 5E09303C211ECD6A00AA98DC /* ZHomeBluetoothListCell.m */; };
		5E093040211EE55100AA98DC /* ZHomeConnectCell.m in Sources */ = {isa = PBXBuildFile; fileRef = 5E09303F211EE55100AA98DC /* ZHomeConnectCell.m */; };
		5E16A9342133E77D004F3033 /* ZWebVC.m in Sources */ = {isa = PBXBuildFile; fileRef = 5E16A9332133E77D004F3033 /* ZWebVC.m */; };
		5E16A9372133F470004F3033 /* ZCompanyInfoCell.m in Sources */ = {isa = PBXBuildFile; fileRef = 5E16A9362133F470004F3033 /* ZCompanyInfoCell.m */; };
		5E16A939213404D6004F3033 /* WebKit.framework in Frameworks */ = {isa = PBXBuildFile; fileRef = 5E16A938213404D6004F3033 /* WebKit.framework */; };
		5E3EFF0920C8C839005E3E3E /* ZIntroductryPagesManager.m in Sources */ = {isa = PBXBuildFile; fileRef = 5E3EFF0820C8C839005E3E3E /* ZIntroductryPagesManager.m */; };
		5E3EFF0C20C8C971005E3E3E /* ZIntroductryPagesView.m in Sources */ = {isa = PBXBuildFile; fileRef = 5E3EFF0B20C8C971005E3E3E /* ZIntroductryPagesView.m */; };
		5E3EFF1320C8CE8B005E3E3E /* ZAdvertiseHelper.m in Sources */ = {isa = PBXBuildFile; fileRef = 5E3EFF1220C8CE8B005E3E3E /* ZAdvertiseHelper.m */; };
		5E3EFF1620C8CEB9005E3E3E /* ZAdvertiseView.m in Sources */ = {isa = PBXBuildFile; fileRef = 5E3EFF1520C8CEB9005E3E3E /* ZAdvertiseView.m */; };
		5E45CC642122663C00469A30 /* ZShareView.m in Sources */ = {isa = PBXBuildFile; fileRef = 5E45CC632122663C00469A30 /* ZShareView.m */; };
		5E45CC672122AD5B00469A30 /* ZHomeModel.m in Sources */ = {isa = PBXBuildFile; fileRef = 5E45CC662122AD5B00469A30 /* ZHomeModel.m */; };
		5E45CC6A2122AEF200469A30 /* ZHomeViewModel.m in Sources */ = {isa = PBXBuildFile; fileRef = 5E45CC692122AEF200469A30 /* ZHomeViewModel.m */; };
		5E48F8D620C6542E00422A6F /* AppDelegate.m in Sources */ = {isa = PBXBuildFile; fileRef = 5E48F8D520C6542E00422A6F /* AppDelegate.m */; };
		5E48F8D920C6542E00422A6F /* ViewController.m in Sources */ = {isa = PBXBuildFile; fileRef = 5E48F8D820C6542E00422A6F /* ViewController.m */; };
		5E48F8DC20C6542E00422A6F /* Main.storyboard in Resources */ = {isa = PBXBuildFile; fileRef = 5E48F8DA20C6542E00422A6F /* Main.storyboard */; };
		5E48F8DE20C6542F00422A6F /* Assets.xcassets in Resources */ = {isa = PBXBuildFile; fileRef = 5E48F8DD20C6542F00422A6F /* Assets.xcassets */; };
		5E48F8E120C6542F00422A6F /* LaunchScreen.storyboard in Resources */ = {isa = PBXBuildFile; fileRef = 5E48F8DF20C6542F00422A6F /* LaunchScreen.storyboard */; };
		5E48F8E420C6542F00422A6F /* main.m in Sources */ = {isa = PBXBuildFile; fileRef = 5E48F8E320C6542F00422A6F /* main.m */; };
		5E48F8EE20C6542F00422A6F /* ZECITests.m in Sources */ = {isa = PBXBuildFile; fileRef = 5E48F8ED20C6542F00422A6F /* ZECITests.m */; };
		5E48F8F920C6542F00422A6F /* ZECIUITests.m in Sources */ = {isa = PBXBuildFile; fileRef = 5E48F8F820C6542F00422A6F /* ZECIUITests.m */; };
		5E48F91820C67BD300422A6F /* WRCustomNavigationBar.m in Sources */ = {isa = PBXBuildFile; fileRef = 5E48F91520C67BD300422A6F /* WRCustomNavigationBar.m */; };
		5E48F91920C67BD300422A6F /* WRNavigationBar.m in Sources */ = {isa = PBXBuildFile; fileRef = 5E48F91720C67BD300422A6F /* WRNavigationBar.m */; };
		5E48F92620C67E8A00422A6F /* ZBaseViewController.m in Sources */ = {isa = PBXBuildFile; fileRef = 5E48F92520C67E8A00422A6F /* ZBaseViewController.m */; };
		5E48F92920C67E9F00422A6F /* ZBaseView.m in Sources */ = {isa = PBXBuildFile; fileRef = 5E48F92820C67E9F00422A6F /* ZBaseView.m */; };
		5E48F92C20C67FA100422A6F /* ZBaseCell.m in Sources */ = {isa = PBXBuildFile; fileRef = 5E48F92B20C67FA100422A6F /* ZBaseCell.m */; };
		5E48F92F20C6800000422A6F /* ZBaseNavigationController.m in Sources */ = {isa = PBXBuildFile; fileRef = 5E48F92E20C6800000422A6F /* ZBaseNavigationController.m */; };
		5E48F93220C68D1400422A6F /* ZBaseCustomViewController.m in Sources */ = {isa = PBXBuildFile; fileRef = 5E48F93120C68D1400422A6F /* ZBaseCustomViewController.m */; };
		5E48F93F20C694E000422A6F /* NSArray+LYNil.m in Sources */ = {isa = PBXBuildFile; fileRef = 5E48F93820C694E000422A6F /* NSArray+LYNil.m */; };
		5E48F94020C694E000422A6F /* NSDictionary+LYNil.m in Sources */ = {isa = PBXBuildFile; fileRef = 5E48F93A20C694E000422A6F /* NSDictionary+LYNil.m */; };
		5E48F94120C694E000422A6F /* NSMutableArray+LYNil.m in Sources */ = {isa = PBXBuildFile; fileRef = 5E48F93C20C694E000422A6F /* NSMutableArray+LYNil.m */; };
		5E48F94220C694E000422A6F /* NSMutableDictionary+LYNil.m in Sources */ = {isa = PBXBuildFile; fileRef = 5E48F93E20C694E000422A6F /* NSMutableDictionary+LYNil.m */; };
		5E4D81E220C7B59D002A12E2 /* ZPublicManager.m in Sources */ = {isa = PBXBuildFile; fileRef = 5E4D81E120C7B59D002A12E2 /* ZPublicManager.m */; };
		5E4D81E520C7B5B6002A12E2 /* ZPublicDataManager.m in Sources */ = {isa = PBXBuildFile; fileRef = 5E4D81E420C7B5B6002A12E2 /* ZPublicDataManager.m */; };
		5E4D81E920C7C592002A12E2 /* iCarousel.m in Sources */ = {isa = PBXBuildFile; fileRef = 5E4D81E820C7C592002A12E2 /* iCarousel.m */; };
		5E4D81ED20C7C5C2002A12E2 /* NSObject+Hint.m in Sources */ = {isa = PBXBuildFile; fileRef = 5E4D81EB20C7C5C1002A12E2 /* NSObject+Hint.m */; };
		5E4D81F020C7CA27002A12E2 /* ZBaseModel.m in Sources */ = {isa = PBXBuildFile; fileRef = 5E4D81EF20C7CA27002A12E2 /* ZBaseModel.m */; };
		5E4D81F320C7CB59002A12E2 /* ZBaseViewModel.m in Sources */ = {isa = PBXBuildFile; fileRef = 5E4D81F220C7CB59002A12E2 /* ZBaseViewModel.m */; };
		5E4EB7DF21265A7F00ED201B /* CoreBluetooth.framework in Frameworks */ = {isa = PBXBuildFile; fileRef = 5E4EB7DE21265A7F00ED201B /* CoreBluetooth.framework */; };
		5E4EB7EA21269A0000ED201B /* LoadingAnimationView.m in Sources */ = {isa = PBXBuildFile; fileRef = 5E4EB7E921269A0000ED201B /* LoadingAnimationView.m */; };
		5E4EB7ED2126CE6200ED201B /* ZBluetoothLostView.m in Sources */ = {isa = PBXBuildFile; fileRef = 5E4EB7EC2126CE6200ED201B /* ZBluetoothLostView.m */; };
		5E51D6D021250D0E009F6A0E /* ZGuideView.m in Sources */ = {isa = PBXBuildFile; fileRef = 5E51D6CF21250D0E009F6A0E /* ZGuideView.m */; };
		5E51D6D721251237009F6A0E /* JMHoledView.m in Sources */ = {isa = PBXBuildFile; fileRef = 5E51D6D621251236009F6A0E /* JMHoledView.m */; };
		5E51D6DA212527D6009F6A0E /* ZPublicBluetoothManager.m in Sources */ = {isa = PBXBuildFile; fileRef = 5E51D6D9212527D6009F6A0E /* ZPublicBluetoothManager.m */; };
		5E539238212FCFCA0005DF10 /* ZDataNameListView.m in Sources */ = {isa = PBXBuildFile; fileRef = 5E539237212FCFCA0005DF10 /* ZDataNameListView.m */; };
		5E53923B212FD4610005DF10 /* ZDataNameListCell.m in Sources */ = {isa = PBXBuildFile; fileRef = 5E53923A212FD4610005DF10 /* ZDataNameListCell.m */; };
		5E539241212FEEBB0005DF10 /* ZSingDataListVC.m in Sources */ = {isa = PBXBuildFile; fileRef = 5E539240212FEEBB0005DF10 /* ZSingDataListVC.m */; };
		5E543DEB21182FA200EB3830 /* ZCellConfig.m in Sources */ = {isa = PBXBuildFile; fileRef = 5E543DEA21182FA200EB3830 /* ZCellConfig.m */; };
		5E543DF5211830A900EB3830 /* UITableViewCell+ZCategory.m in Sources */ = {isa = PBXBuildFile; fileRef = 5E543DF1211830A900EB3830 /* UITableViewCell+ZCategory.m */; };
		5E543DF92118331000EB3830 /* ZSpaceCell.m in Sources */ = {isa = PBXBuildFile; fileRef = 5E543DF72118331000EB3830 /* ZSpaceCell.m */; };
		5E5D891B20E1D2EF0096536C /* UIView+Radio.m in Sources */ = {isa = PBXBuildFile; fileRef = 5E5D891920E1D2EF0096536C /* UIView+Radio.m */; };
		5E68265B212BA462003C7030 /* ZMeasureSaveImageToPhotoView.m in Sources */ = {isa = PBXBuildFile; fileRef = 5E68265A212BA462003C7030 /* ZMeasureSaveImageToPhotoView.m */; };
		5E68265E212BB7FA003C7030 /* ZBluetoothPowerOffView.m in Sources */ = {isa = PBXBuildFile; fileRef = 5E68265D212BB7FA003C7030 /* ZBluetoothPowerOffView.m */; };
		5E682672212BD82D003C7030 /* InfoPlist.strings in Resources */ = {isa = PBXBuildFile; fileRef = 5E682674212BD82D003C7030 /* InfoPlist.strings */; };
		5E682679212BD8FA003C7030 /* Localizable.strings in Resources */ = {isa = PBXBuildFile; fileRef = 5E68267B212BD8FA003C7030 /* Localizable.strings */; };
		5E71D50F2123C686009FA7E3 /* ZMeasureSaveView.m in Sources */ = {isa = PBXBuildFile; fileRef = 5E71D50E2123C686009FA7E3 /* ZMeasureSaveView.m */; };
		5E71D5122123CC7A009FA7E3 /* ZMeasureSaveAlertView.m in Sources */ = {isa = PBXBuildFile; fileRef = 5E71D5112123CC7A009FA7E3 /* ZMeasureSaveAlertView.m */; };
		5E71D52221241031009FA7E3 /* UserDTO.m in Sources */ = {isa = PBXBuildFile; fileRef = 5E71D51F21241031009FA7E3 /* UserDTO.m */; };
		5E71D52321241031009FA7E3 /* Utils.m in Sources */ = {isa = PBXBuildFile; fileRef = 5E71D52121241031009FA7E3 /* Utils.m */; };
		5E71D52621241058009FA7E3 /* NSString+pinyin.m in Sources */ = {isa = PBXBuildFile; fileRef = 5E71D52521241058009FA7E3 /* NSString+pinyin.m */; };
		5E71D529212427D0009FA7E3 /* ZLineChatBrowseVC.m in Sources */ = {isa = PBXBuildFile; fileRef = 5E71D528212427D0009FA7E3 /* ZLineChatBrowseVC.m */; };
		5EA1839D2121136A009C6675 /* ZCompanyInfoVC.m in Sources */ = {isa = PBXBuildFile; fileRef = 5EA1839C2121136A009C6675 /* ZCompanyInfoVC.m */; };
		5EA183A0212119C3009C6675 /* ZDataListVC.m in Sources */ = {isa = PBXBuildFile; fileRef = 5EA1839F212119C3009C6675 /* ZDataListVC.m */; };
		5EA183A321211AE7009C6675 /* ZDataListSearchView.m in Sources */ = {isa = PBXBuildFile; fileRef = 5EA183A221211AE7009C6675 /* ZDataListSearchView.m */; };
		5EA183A62121213F009C6675 /* ZDataListCell.m in Sources */ = {isa = PBXBuildFile; fileRef = 5EA183A52121213F009C6675 /* ZDataListCell.m */; };
		5EA183A92121252E009C6675 /* ZMeasureVC.m in Sources */ = {isa = PBXBuildFile; fileRef = 5EA183A82121252E009C6675 /* ZMeasureVC.m */; };
		5EA183AC212125D5009C6675 /* ZMeasureNavView.m in Sources */ = {isa = PBXBuildFile; fileRef = 5EA183AB212125D5009C6675 /* ZMeasureNavView.m */; };
		5EA183AF212126F0009C6675 /* ZMeasureTopView.m in Sources */ = {isa = PBXBuildFile; fileRef = 5EA183AE212126F0009C6675 /* ZMeasureTopView.m */; };
		5EA183B221212F61009C6675 /* ZMeasureListCell.m in Sources */ = {isa = PBXBuildFile; fileRef = 5EA183B121212F61009C6675 /* ZMeasureListCell.m */; };
		5EA183B521213618009C6675 /* ZMeasureEditView.m in Sources */ = {isa = PBXBuildFile; fileRef = 5EA183B421213618009C6675 /* ZMeasureEditView.m */; };
		5EA183B821216C67009C6675 /* ZDataLineChatVC.m in Sources */ = {isa = PBXBuildFile; fileRef = 5EA183B721216C67009C6675 /* ZDataLineChatVC.m */; };
		5EA183BB21216EEE009C6675 /* ZDataLineChatInfomationView.m in Sources */ = {isa = PBXBuildFile; fileRef = 5EA183BA21216EEE009C6675 /* ZDataLineChatInfomationView.m */; };
		5EA183C52121736B009C6675 /* LFAxisView.m in Sources */ = {isa = PBXBuildFile; fileRef = 5EA183BE2121736B009C6675 /* LFAxisView.m */; };
		5EA183C62121736B009C6675 /* LFChartLineView.m in Sources */ = {isa = PBXBuildFile; fileRef = 5EA183C02121736B009C6675 /* LFChartLineView.m */; };
		5EA183C72121736B009C6675 /* LFCircleView.m in Sources */ = {isa = PBXBuildFile; fileRef = 5EA183C22121736B009C6675 /* LFCircleView.m */; };
		5EA183C82121736B009C6675 /* LFLineChart.m in Sources */ = {isa = PBXBuildFile; fileRef = 5EA183C42121736B009C6675 /* LFLineChart.m */; };
		5EFD36A720E0EBB400B68054 /* ZHomeVC.m in Sources */ = {isa = PBXBuildFile; fileRef = 5EFD36A620E0EBB400B68054 /* ZHomeVC.m */; };
/* End PBXBuildFile section */

/* Begin PBXContainerItemProxy section */
		5E48F8EA20C6542F00422A6F /* PBXContainerItemProxy */ = {
			isa = PBXContainerItemProxy;
			containerPortal = 5E48F8C920C6542E00422A6F /* Project object */;
			proxyType = 1;
			remoteGlobalIDString = 5E48F8D020C6542E00422A6F;
			remoteInfo = ZECI;
		};
		5E48F8F520C6542F00422A6F /* PBXContainerItemProxy */ = {
			isa = PBXContainerItemProxy;
			containerPortal = 5E48F8C920C6542E00422A6F /* Project object */;
			proxyType = 1;
			remoteGlobalIDString = 5E48F8D020C6542E00422A6F;
			remoteInfo = ZECI;
		};
/* End PBXContainerItemProxy section */

/* Begin PBXFileReference section */
		3927F0F06D5F9CE2CFE33939 /* libPods-ZECI.a */ = {isa = PBXFileReference; explicitFileType = archive.ar; includeInIndex = 0; path = "libPods-ZECI.a"; sourceTree = BUILT_PRODUCTS_DIR; };
		47F96B89B39C940A8F998439 /* Pods-ZECI.debug.xcconfig */ = {isa = PBXFileReference; includeInIndex = 1; lastKnownFileType = text.xcconfig; name = "Pods-ZECI.debug.xcconfig"; path = "Pods/Target Support Files/Pods-ZECI/Pods-ZECI.debug.xcconfig"; sourceTree = "<group>"; };
		5E093038211EB54B00AA98DC /* ZHomeNavView.h */ = {isa = PBXFileReference; lastKnownFileType = sourcecode.c.h; path = ZHomeNavView.h; sourceTree = "<group>"; };
		5E093039211EB54B00AA98DC /* ZHomeNavView.m */ = {isa = PBXFileReference; lastKnownFileType = sourcecode.c.objc; path = ZHomeNavView.m; sourceTree = "<group>"; };
		5E09303B211ECD6A00AA98DC /* ZHomeBluetoothListCell.h */ = {isa = PBXFileReference; lastKnownFileType = sourcecode.c.h; path = ZHomeBluetoothListCell.h; sourceTree = "<group>"; };
		5E09303C211ECD6A00AA98DC /* ZHomeBluetoothListCell.m */ = {isa = PBXFileReference; lastKnownFileType = sourcecode.c.objc; path = ZHomeBluetoothListCell.m; sourceTree = "<group>"; };
		5E09303E211EE55100AA98DC /* ZHomeConnectCell.h */ = {isa = PBXFileReference; lastKnownFileType = sourcecode.c.h; path = ZHomeConnectCell.h; sourceTree = "<group>"; };
		5E09303F211EE55100AA98DC /* ZHomeConnectCell.m */ = {isa = PBXFileReference; lastKnownFileType = sourcecode.c.objc; path = ZHomeConnectCell.m; sourceTree = "<group>"; };
		5E16A9322133E77D004F3033 /* ZWebVC.h */ = {isa = PBXFileReference; lastKnownFileType = sourcecode.c.h; path = ZWebVC.h; sourceTree = "<group>"; };
		5E16A9332133E77D004F3033 /* ZWebVC.m */ = {isa = PBXFileReference; lastKnownFileType = sourcecode.c.objc; path = ZWebVC.m; sourceTree = "<group>"; };
		5E16A9352133F470004F3033 /* ZCompanyInfoCell.h */ = {isa = PBXFileReference; lastKnownFileType = sourcecode.c.h; path = ZCompanyInfoCell.h; sourceTree = "<group>"; };
		5E16A9362133F470004F3033 /* ZCompanyInfoCell.m */ = {isa = PBXFileReference; lastKnownFileType = sourcecode.c.objc; path = ZCompanyInfoCell.m; sourceTree = "<group>"; };
		5E16A938213404D6004F3033 /* WebKit.framework */ = {isa = PBXFileReference; lastKnownFileType = wrapper.framework; name = WebKit.framework; path = System/Library/Frameworks/WebKit.framework; sourceTree = SDKROOT; };
		5E3EFF0720C8C839005E3E3E /* ZIntroductryPagesManager.h */ = {isa = PBXFileReference; lastKnownFileType = sourcecode.c.h; path = ZIntroductryPagesManager.h; sourceTree = "<group>"; };
		5E3EFF0820C8C839005E3E3E /* ZIntroductryPagesManager.m */ = {isa = PBXFileReference; lastKnownFileType = sourcecode.c.objc; path = ZIntroductryPagesManager.m; sourceTree = "<group>"; };
		5E3EFF0A20C8C971005E3E3E /* ZIntroductryPagesView.h */ = {isa = PBXFileReference; lastKnownFileType = sourcecode.c.h; path = ZIntroductryPagesView.h; sourceTree = "<group>"; };
		5E3EFF0B20C8C971005E3E3E /* ZIntroductryPagesView.m */ = {isa = PBXFileReference; lastKnownFileType = sourcecode.c.objc; path = ZIntroductryPagesView.m; sourceTree = "<group>"; };
		5E3EFF1120C8CE8B005E3E3E /* ZAdvertiseHelper.h */ = {isa = PBXFileReference; lastKnownFileType = sourcecode.c.h; path = ZAdvertiseHelper.h; sourceTree = "<group>"; };
		5E3EFF1220C8CE8B005E3E3E /* ZAdvertiseHelper.m */ = {isa = PBXFileReference; lastKnownFileType = sourcecode.c.objc; path = ZAdvertiseHelper.m; sourceTree = "<group>"; };
		5E3EFF1420C8CEB9005E3E3E /* ZAdvertiseView.h */ = {isa = PBXFileReference; lastKnownFileType = sourcecode.c.h; path = ZAdvertiseView.h; sourceTree = "<group>"; };
		5E3EFF1520C8CEB9005E3E3E /* ZAdvertiseView.m */ = {isa = PBXFileReference; lastKnownFileType = sourcecode.c.objc; path = ZAdvertiseView.m; sourceTree = "<group>"; };
		5E45CC622122663C00469A30 /* ZShareView.h */ = {isa = PBXFileReference; lastKnownFileType = sourcecode.c.h; path = ZShareView.h; sourceTree = "<group>"; };
		5E45CC632122663C00469A30 /* ZShareView.m */ = {isa = PBXFileReference; lastKnownFileType = sourcecode.c.objc; path = ZShareView.m; sourceTree = "<group>"; };
		5E45CC652122AD5B00469A30 /* ZHomeModel.h */ = {isa = PBXFileReference; lastKnownFileType = sourcecode.c.h; path = ZHomeModel.h; sourceTree = "<group>"; };
		5E45CC662122AD5B00469A30 /* ZHomeModel.m */ = {isa = PBXFileReference; lastKnownFileType = sourcecode.c.objc; path = ZHomeModel.m; sourceTree = "<group>"; };
		5E45CC682122AEF200469A30 /* ZHomeViewModel.h */ = {isa = PBXFileReference; lastKnownFileType = sourcecode.c.h; path = ZHomeViewModel.h; sourceTree = "<group>"; };
		5E45CC692122AEF200469A30 /* ZHomeViewModel.m */ = {isa = PBXFileReference; lastKnownFileType = sourcecode.c.objc; path = ZHomeViewModel.m; sourceTree = "<group>"; };
		5E48F8D120C6542E00422A6F /* ZECI.app */ = {isa = PBXFileReference; explicitFileType = wrapper.application; includeInIndex = 0; path = ZECI.app; sourceTree = BUILT_PRODUCTS_DIR; };
		5E48F8D420C6542E00422A6F /* AppDelegate.h */ = {isa = PBXFileReference; lastKnownFileType = sourcecode.c.h; path = AppDelegate.h; sourceTree = "<group>"; };
		5E48F8D520C6542E00422A6F /* AppDelegate.m */ = {isa = PBXFileReference; lastKnownFileType = sourcecode.c.objc; path = AppDelegate.m; sourceTree = "<group>"; };
		5E48F8D720C6542E00422A6F /* ViewController.h */ = {isa = PBXFileReference; lastKnownFileType = sourcecode.c.h; path = ViewController.h; sourceTree = "<group>"; };
		5E48F8D820C6542E00422A6F /* ViewController.m */ = {isa = PBXFileReference; lastKnownFileType = sourcecode.c.objc; path = ViewController.m; sourceTree = "<group>"; };
		5E48F8DB20C6542E00422A6F /* Base */ = {isa = PBXFileReference; lastKnownFileType = file.storyboard; name = Base; path = Base.lproj/Main.storyboard; sourceTree = "<group>"; };
		5E48F8DD20C6542F00422A6F /* Assets.xcassets */ = {isa = PBXFileReference; lastKnownFileType = folder.assetcatalog; path = Assets.xcassets; sourceTree = "<group>"; };
		5E48F8E020C6542F00422A6F /* Base */ = {isa = PBXFileReference; lastKnownFileType = file.storyboard; name = Base; path = Base.lproj/LaunchScreen.storyboard; sourceTree = "<group>"; };
		5E48F8E220C6542F00422A6F /* Info.plist */ = {isa = PBXFileReference; lastKnownFileType = text.plist.xml; path = Info.plist; sourceTree = "<group>"; };
		5E48F8E320C6542F00422A6F /* main.m */ = {isa = PBXFileReference; lastKnownFileType = sourcecode.c.objc; path = main.m; sourceTree = "<group>"; };
		5E48F8E920C6542F00422A6F /* ZECITests.xctest */ = {isa = PBXFileReference; explicitFileType = wrapper.cfbundle; includeInIndex = 0; path = ZECITests.xctest; sourceTree = BUILT_PRODUCTS_DIR; };
		5E48F8ED20C6542F00422A6F /* ZECITests.m */ = {isa = PBXFileReference; lastKnownFileType = sourcecode.c.objc; path = ZECITests.m; sourceTree = "<group>"; };
		5E48F8EF20C6542F00422A6F /* Info.plist */ = {isa = PBXFileReference; lastKnownFileType = text.plist.xml; path = Info.plist; sourceTree = "<group>"; };
		5E48F8F420C6542F00422A6F /* ZECIUITests.xctest */ = {isa = PBXFileReference; explicitFileType = wrapper.cfbundle; includeInIndex = 0; path = ZECIUITests.xctest; sourceTree = BUILT_PRODUCTS_DIR; };
		5E48F8F820C6542F00422A6F /* ZECIUITests.m */ = {isa = PBXFileReference; lastKnownFileType = sourcecode.c.objc; path = ZECIUITests.m; sourceTree = "<group>"; };
		5E48F8FA20C6542F00422A6F /* Info.plist */ = {isa = PBXFileReference; lastKnownFileType = text.plist.xml; path = Info.plist; sourceTree = "<group>"; };
		5E48F91420C67BD300422A6F /* WRCustomNavigationBar.h */ = {isa = PBXFileReference; fileEncoding = 4; lastKnownFileType = sourcecode.c.h; path = WRCustomNavigationBar.h; sourceTree = "<group>"; };
		5E48F91520C67BD300422A6F /* WRCustomNavigationBar.m */ = {isa = PBXFileReference; fileEncoding = 4; lastKnownFileType = sourcecode.c.objc; path = WRCustomNavigationBar.m; sourceTree = "<group>"; };
		5E48F91620C67BD300422A6F /* WRNavigationBar.h */ = {isa = PBXFileReference; fileEncoding = 4; lastKnownFileType = sourcecode.c.h; path = WRNavigationBar.h; sourceTree = "<group>"; };
		5E48F91720C67BD300422A6F /* WRNavigationBar.m */ = {isa = PBXFileReference; fileEncoding = 4; lastKnownFileType = sourcecode.c.objc; path = WRNavigationBar.m; sourceTree = "<group>"; };
		5E48F92420C67E8A00422A6F /* ZBaseViewController.h */ = {isa = PBXFileReference; lastKnownFileType = sourcecode.c.h; path = ZBaseViewController.h; sourceTree = "<group>"; };
		5E48F92520C67E8A00422A6F /* ZBaseViewController.m */ = {isa = PBXFileReference; lastKnownFileType = sourcecode.c.objc; path = ZBaseViewController.m; sourceTree = "<group>"; };
		5E48F92720C67E9F00422A6F /* ZBaseView.h */ = {isa = PBXFileReference; lastKnownFileType = sourcecode.c.h; path = ZBaseView.h; sourceTree = "<group>"; };
		5E48F92820C67E9F00422A6F /* ZBaseView.m */ = {isa = PBXFileReference; lastKnownFileType = sourcecode.c.objc; path = ZBaseView.m; sourceTree = "<group>"; };
		5E48F92A20C67FA100422A6F /* ZBaseCell.h */ = {isa = PBXFileReference; lastKnownFileType = sourcecode.c.h; path = ZBaseCell.h; sourceTree = "<group>"; };
		5E48F92B20C67FA100422A6F /* ZBaseCell.m */ = {isa = PBXFileReference; lastKnownFileType = sourcecode.c.objc; path = ZBaseCell.m; sourceTree = "<group>"; };
		5E48F92D20C6800000422A6F /* ZBaseNavigationController.h */ = {isa = PBXFileReference; lastKnownFileType = sourcecode.c.h; path = ZBaseNavigationController.h; sourceTree = "<group>"; };
		5E48F92E20C6800000422A6F /* ZBaseNavigationController.m */ = {isa = PBXFileReference; lastKnownFileType = sourcecode.c.objc; path = ZBaseNavigationController.m; sourceTree = "<group>"; };
		5E48F93020C68D1400422A6F /* ZBaseCustomViewController.h */ = {isa = PBXFileReference; lastKnownFileType = sourcecode.c.h; path = ZBaseCustomViewController.h; sourceTree = "<group>"; };
		5E48F93120C68D1400422A6F /* ZBaseCustomViewController.m */ = {isa = PBXFileReference; lastKnownFileType = sourcecode.c.objc; path = ZBaseCustomViewController.m; sourceTree = "<group>"; };
		5E48F93720C694E000422A6F /* NSArray+LYNil.h */ = {isa = PBXFileReference; fileEncoding = 4; lastKnownFileType = sourcecode.c.h; path = "NSArray+LYNil.h"; sourceTree = "<group>"; };
		5E48F93820C694E000422A6F /* NSArray+LYNil.m */ = {isa = PBXFileReference; fileEncoding = 4; lastKnownFileType = sourcecode.c.objc; path = "NSArray+LYNil.m"; sourceTree = "<group>"; };
		5E48F93920C694E000422A6F /* NSDictionary+LYNil.h */ = {isa = PBXFileReference; fileEncoding = 4; lastKnownFileType = sourcecode.c.h; path = "NSDictionary+LYNil.h"; sourceTree = "<group>"; };
		5E48F93A20C694E000422A6F /* NSDictionary+LYNil.m */ = {isa = PBXFileReference; fileEncoding = 4; lastKnownFileType = sourcecode.c.objc; path = "NSDictionary+LYNil.m"; sourceTree = "<group>"; };
		5E48F93B20C694E000422A6F /* NSMutableArray+LYNil.h */ = {isa = PBXFileReference; fileEncoding = 4; lastKnownFileType = sourcecode.c.h; path = "NSMutableArray+LYNil.h"; sourceTree = "<group>"; };
		5E48F93C20C694E000422A6F /* NSMutableArray+LYNil.m */ = {isa = PBXFileReference; fileEncoding = 4; lastKnownFileType = sourcecode.c.objc; path = "NSMutableArray+LYNil.m"; sourceTree = "<group>"; };
		5E48F93D20C694E000422A6F /* NSMutableDictionary+LYNil.h */ = {isa = PBXFileReference; fileEncoding = 4; lastKnownFileType = sourcecode.c.h; path = "NSMutableDictionary+LYNil.h"; sourceTree = "<group>"; };
		5E48F93E20C694E000422A6F /* NSMutableDictionary+LYNil.m */ = {isa = PBXFileReference; fileEncoding = 4; lastKnownFileType = sourcecode.c.objc; path = "NSMutableDictionary+LYNil.m"; sourceTree = "<group>"; };
		5E4D81D620C780B8002A12E2 /* PrefixHeader.pch */ = {isa = PBXFileReference; lastKnownFileType = sourcecode.c.h; path = PrefixHeader.pch; sourceTree = "<group>"; };
		5E4D81D720C784A4002A12E2 /* Const.h */ = {isa = PBXFileReference; lastKnownFileType = sourcecode.c.h; path = Const.h; sourceTree = "<group>"; };
		5E4D81E020C7B59D002A12E2 /* ZPublicManager.h */ = {isa = PBXFileReference; lastKnownFileType = sourcecode.c.h; path = ZPublicManager.h; sourceTree = "<group>"; };
		5E4D81E120C7B59D002A12E2 /* ZPublicManager.m */ = {isa = PBXFileReference; lastKnownFileType = sourcecode.c.objc; path = ZPublicManager.m; sourceTree = "<group>"; };
		5E4D81E320C7B5B6002A12E2 /* ZPublicDataManager.h */ = {isa = PBXFileReference; lastKnownFileType = sourcecode.c.h; path = ZPublicDataManager.h; sourceTree = "<group>"; };
		5E4D81E420C7B5B6002A12E2 /* ZPublicDataManager.m */ = {isa = PBXFileReference; lastKnownFileType = sourcecode.c.objc; path = ZPublicDataManager.m; sourceTree = "<group>"; };
		5E4D81E720C7C592002A12E2 /* iCarousel.h */ = {isa = PBXFileReference; fileEncoding = 4; lastKnownFileType = sourcecode.c.h; path = iCarousel.h; sourceTree = "<group>"; };
		5E4D81E820C7C592002A12E2 /* iCarousel.m */ = {isa = PBXFileReference; fileEncoding = 4; lastKnownFileType = sourcecode.c.objc; path = iCarousel.m; sourceTree = "<group>"; };
		5E4D81EB20C7C5C1002A12E2 /* NSObject+Hint.m */ = {isa = PBXFileReference; fileEncoding = 4; lastKnownFileType = sourcecode.c.objc; path = "NSObject+Hint.m"; sourceTree = "<group>"; };
		5E4D81EC20C7C5C2002A12E2 /* NSObject+Hint.h */ = {isa = PBXFileReference; fileEncoding = 4; lastKnownFileType = sourcecode.c.h; path = "NSObject+Hint.h"; sourceTree = "<group>"; };
		5E4D81EE20C7CA27002A12E2 /* ZBaseModel.h */ = {isa = PBXFileReference; lastKnownFileType = sourcecode.c.h; path = ZBaseModel.h; sourceTree = "<group>"; };
		5E4D81EF20C7CA27002A12E2 /* ZBaseModel.m */ = {isa = PBXFileReference; lastKnownFileType = sourcecode.c.objc; path = ZBaseModel.m; sourceTree = "<group>"; };
		5E4D81F120C7CB59002A12E2 /* ZBaseViewModel.h */ = {isa = PBXFileReference; lastKnownFileType = sourcecode.c.h; path = ZBaseViewModel.h; sourceTree = "<group>"; };
		5E4D81F220C7CB59002A12E2 /* ZBaseViewModel.m */ = {isa = PBXFileReference; lastKnownFileType = sourcecode.c.objc; path = ZBaseViewModel.m; sourceTree = "<group>"; };
		5E4EB7DE21265A7F00ED201B /* CoreBluetooth.framework */ = {isa = PBXFileReference; lastKnownFileType = wrapper.framework; name = CoreBluetooth.framework; path = System/Library/Frameworks/CoreBluetooth.framework; sourceTree = SDKROOT; };
		5E4EB7E821269A0000ED201B /* LoadingAnimationView.h */ = {isa = PBXFileReference; fileEncoding = 4; lastKnownFileType = sourcecode.c.h; path = LoadingAnimationView.h; sourceTree = "<group>"; };
		5E4EB7E921269A0000ED201B /* LoadingAnimationView.m */ = {isa = PBXFileReference; fileEncoding = 4; lastKnownFileType = sourcecode.c.objc; path = LoadingAnimationView.m; sourceTree = "<group>"; };
		5E4EB7EB2126CE6200ED201B /* ZBluetoothLostView.h */ = {isa = PBXFileReference; lastKnownFileType = sourcecode.c.h; path = ZBluetoothLostView.h; sourceTree = "<group>"; };
		5E4EB7EC2126CE6200ED201B /* ZBluetoothLostView.m */ = {isa = PBXFileReference; lastKnownFileType = sourcecode.c.objc; path = ZBluetoothLostView.m; sourceTree = "<group>"; };
		5E51D6CE21250D0E009F6A0E /* ZGuideView.h */ = {isa = PBXFileReference; lastKnownFileType = sourcecode.c.h; path = ZGuideView.h; sourceTree = "<group>"; };
		5E51D6CF21250D0E009F6A0E /* ZGuideView.m */ = {isa = PBXFileReference; lastKnownFileType = sourcecode.c.objc; path = ZGuideView.m; sourceTree = "<group>"; };
		5E51D6D521251236009F6A0E /* JMHoledView.h */ = {isa = PBXFileReference; fileEncoding = 4; lastKnownFileType = sourcecode.c.h; path = JMHoledView.h; sourceTree = "<group>"; };
		5E51D6D621251236009F6A0E /* JMHoledView.m */ = {isa = PBXFileReference; fileEncoding = 4; lastKnownFileType = sourcecode.c.objc; path = JMHoledView.m; sourceTree = "<group>"; };
		5E51D6D8212527D6009F6A0E /* ZPublicBluetoothManager.h */ = {isa = PBXFileReference; lastKnownFileType = sourcecode.c.h; path = ZPublicBluetoothManager.h; sourceTree = "<group>"; };
		5E51D6D9212527D6009F6A0E /* ZPublicBluetoothManager.m */ = {isa = PBXFileReference; lastKnownFileType = sourcecode.c.objc; path = ZPublicBluetoothManager.m; sourceTree = "<group>"; };
		5E539236212FCFCA0005DF10 /* ZDataNameListView.h */ = {isa = PBXFileReference; lastKnownFileType = sourcecode.c.h; path = ZDataNameListView.h; sourceTree = "<group>"; };
		5E539237212FCFCA0005DF10 /* ZDataNameListView.m */ = {isa = PBXFileReference; lastKnownFileType = sourcecode.c.objc; path = ZDataNameListView.m; sourceTree = "<group>"; };
		5E539239212FD4610005DF10 /* ZDataNameListCell.h */ = {isa = PBXFileReference; lastKnownFileType = sourcecode.c.h; path = ZDataNameListCell.h; sourceTree = "<group>"; };
		5E53923A212FD4610005DF10 /* ZDataNameListCell.m */ = {isa = PBXFileReference; lastKnownFileType = sourcecode.c.objc; path = ZDataNameListCell.m; sourceTree = "<group>"; };
		5E53923F212FEEBB0005DF10 /* ZSingDataListVC.h */ = {isa = PBXFileReference; lastKnownFileType = sourcecode.c.h; path = ZSingDataListVC.h; sourceTree = "<group>"; };
		5E539240212FEEBB0005DF10 /* ZSingDataListVC.m */ = {isa = PBXFileReference; lastKnownFileType = sourcecode.c.objc; path = ZSingDataListVC.m; sourceTree = "<group>"; };
		5E543DE921182FA200EB3830 /* ZCellConfig.h */ = {isa = PBXFileReference; fileEncoding = 4; lastKnownFileType = sourcecode.c.h; path = ZCellConfig.h; sourceTree = "<group>"; };
		5E543DEA21182FA200EB3830 /* ZCellConfig.m */ = {isa = PBXFileReference; fileEncoding = 4; lastKnownFileType = sourcecode.c.objc; path = ZCellConfig.m; sourceTree = "<group>"; };
		5E543DF0211830A900EB3830 /* UITableViewCell+ZCategory.h */ = {isa = PBXFileReference; fileEncoding = 4; lastKnownFileType = sourcecode.c.h; path = "UITableViewCell+ZCategory.h"; sourceTree = "<group>"; };
		5E543DF1211830A900EB3830 /* UITableViewCell+ZCategory.m */ = {isa = PBXFileReference; fileEncoding = 4; lastKnownFileType = sourcecode.c.objc; path = "UITableViewCell+ZCategory.m"; sourceTree = "<group>"; };
		5E543DF72118331000EB3830 /* ZSpaceCell.m */ = {isa = PBXFileReference; fileEncoding = 4; lastKnownFileType = sourcecode.c.objc; path = ZSpaceCell.m; sourceTree = "<group>"; };
		5E543DF82118331000EB3830 /* ZSpaceCell.h */ = {isa = PBXFileReference; fileEncoding = 4; lastKnownFileType = sourcecode.c.h; path = ZSpaceCell.h; sourceTree = "<group>"; };
		5E5D891920E1D2EF0096536C /* UIView+Radio.m */ = {isa = PBXFileReference; fileEncoding = 4; lastKnownFileType = sourcecode.c.objc; path = "UIView+Radio.m"; sourceTree = "<group>"; };
		5E5D891A20E1D2EF0096536C /* UIView+Radio.h */ = {isa = PBXFileReference; fileEncoding = 4; lastKnownFileType = sourcecode.c.h; path = "UIView+Radio.h"; sourceTree = "<group>"; };
		5E682659212BA462003C7030 /* ZMeasureSaveImageToPhotoView.h */ = {isa = PBXFileReference; lastKnownFileType = sourcecode.c.h; path = ZMeasureSaveImageToPhotoView.h; sourceTree = "<group>"; };
		5E68265A212BA462003C7030 /* ZMeasureSaveImageToPhotoView.m */ = {isa = PBXFileReference; lastKnownFileType = sourcecode.c.objc; path = ZMeasureSaveImageToPhotoView.m; sourceTree = "<group>"; };
		5E68265C212BB7FA003C7030 /* ZBluetoothPowerOffView.h */ = {isa = PBXFileReference; lastKnownFileType = sourcecode.c.h; path = ZBluetoothPowerOffView.h; sourceTree = "<group>"; };
		5E68265D212BB7FA003C7030 /* ZBluetoothPowerOffView.m */ = {isa = PBXFileReference; lastKnownFileType = sourcecode.c.objc; path = ZBluetoothPowerOffView.m; sourceTree = "<group>"; };
		5E68266C212BD7ED003C7030 /* zh-Hans */ = {isa = PBXFileReference; lastKnownFileType = text.plist.strings; name = "zh-Hans"; path = "zh-Hans.lproj/Main.strings"; sourceTree = "<group>"; };
		5E68266D212BD7ED003C7030 /* zh-Hans */ = {isa = PBXFileReference; lastKnownFileType = text.plist.strings; name = "zh-Hans"; path = "zh-Hans.lproj/LaunchScreen.strings"; sourceTree = "<group>"; };
		5E68266E212BD7F6003C7030 /* ja */ = {isa = PBXFileReference; lastKnownFileType = text.plist.strings; name = ja; path = ja.lproj/Main.strings; sourceTree = "<group>"; };
		5E68266F212BD7F6003C7030 /* ja */ = {isa = PBXFileReference; lastKnownFileType = text.plist.strings; name = ja; path = ja.lproj/LaunchScreen.strings; sourceTree = "<group>"; };
		5E682673212BD82D003C7030 /* en */ = {isa = PBXFileReference; lastKnownFileType = text.plist.strings; name = en; path = en.lproj/InfoPlist.strings; sourceTree = "<group>"; };
		5E682675212BD831003C7030 /* zh-Hans */ = {isa = PBXFileReference; lastKnownFileType = text.plist.strings; name = "zh-Hans"; path = "zh-Hans.lproj/InfoPlist.strings"; sourceTree = "<group>"; };
		5E682676212BD832003C7030 /* ja */ = {isa = PBXFileReference; lastKnownFileType = text.plist.strings; name = ja; path = ja.lproj/InfoPlist.strings; sourceTree = "<group>"; };
		5E68267A212BD8FA003C7030 /* en */ = {isa = PBXFileReference; lastKnownFileType = text.plist.strings; name = en; path = en.lproj/Localizable.strings; sourceTree = "<group>"; };
		5E68267C212BD8FC003C7030 /* zh-Hans */ = {isa = PBXFileReference; lastKnownFileType = text.plist.strings; name = "zh-Hans"; path = "zh-Hans.lproj/Localizable.strings"; sourceTree = "<group>"; };
		5E68267D212BD8FD003C7030 /* ja */ = {isa = PBXFileReference; lastKnownFileType = text.plist.strings; name = ja; path = ja.lproj/Localizable.strings; sourceTree = "<group>"; };
		5E71D50D2123C686009FA7E3 /* ZMeasureSaveView.h */ = {isa = PBXFileReference; lastKnownFileType = sourcecode.c.h; path = ZMeasureSaveView.h; sourceTree = "<group>"; };
		5E71D50E2123C686009FA7E3 /* ZMeasureSaveView.m */ = {isa = PBXFileReference; lastKnownFileType = sourcecode.c.objc; path = ZMeasureSaveView.m; sourceTree = "<group>"; };
		5E71D5102123CC7A009FA7E3 /* ZMeasureSaveAlertView.h */ = {isa = PBXFileReference; lastKnownFileType = sourcecode.c.h; path = ZMeasureSaveAlertView.h; sourceTree = "<group>"; };
		5E71D5112123CC7A009FA7E3 /* ZMeasureSaveAlertView.m */ = {isa = PBXFileReference; lastKnownFileType = sourcecode.c.objc; path = ZMeasureSaveAlertView.m; sourceTree = "<group>"; };
		5E71D51E21241031009FA7E3 /* UserDTO.h */ = {isa = PBXFileReference; fileEncoding = 4; lastKnownFileType = sourcecode.c.h; path = UserDTO.h; sourceTree = "<group>"; };
		5E71D51F21241031009FA7E3 /* UserDTO.m */ = {isa = PBXFileReference; fileEncoding = 4; lastKnownFileType = sourcecode.c.objc; path = UserDTO.m; sourceTree = "<group>"; };
		5E71D52021241031009FA7E3 /* Utils.h */ = {isa = PBXFileReference; fileEncoding = 4; lastKnownFileType = sourcecode.c.h; path = Utils.h; sourceTree = "<group>"; };
		5E71D52121241031009FA7E3 /* Utils.m */ = {isa = PBXFileReference; fileEncoding = 4; lastKnownFileType = sourcecode.c.objc; path = Utils.m; sourceTree = "<group>"; };
		5E71D52421241058009FA7E3 /* NSString+pinyin.h */ = {isa = PBXFileReference; fileEncoding = 4; lastKnownFileType = sourcecode.c.h; path = "NSString+pinyin.h"; sourceTree = "<group>"; };
		5E71D52521241058009FA7E3 /* NSString+pinyin.m */ = {isa = PBXFileReference; fileEncoding = 4; lastKnownFileType = sourcecode.c.objc; path = "NSString+pinyin.m"; sourceTree = "<group>"; };
		5E71D527212427D0009FA7E3 /* ZLineChatBrowseVC.h */ = {isa = PBXFileReference; lastKnownFileType = sourcecode.c.h; path = ZLineChatBrowseVC.h; sourceTree = "<group>"; };
		5E71D528212427D0009FA7E3 /* ZLineChatBrowseVC.m */ = {isa = PBXFileReference; lastKnownFileType = sourcecode.c.objc; path = ZLineChatBrowseVC.m; sourceTree = "<group>"; };
		5EA1839B2121136A009C6675 /* ZCompanyInfoVC.h */ = {isa = PBXFileReference; lastKnownFileType = sourcecode.c.h; path = ZCompanyInfoVC.h; sourceTree = "<group>"; };
		5EA1839C2121136A009C6675 /* ZCompanyInfoVC.m */ = {isa = PBXFileReference; lastKnownFileType = sourcecode.c.objc; path = ZCompanyInfoVC.m; sourceTree = "<group>"; };
		5EA1839E212119C3009C6675 /* ZDataListVC.h */ = {isa = PBXFileReference; lastKnownFileType = sourcecode.c.h; path = ZDataListVC.h; sourceTree = "<group>"; };
		5EA1839F212119C3009C6675 /* ZDataListVC.m */ = {isa = PBXFileReference; lastKnownFileType = sourcecode.c.objc; path = ZDataListVC.m; sourceTree = "<group>"; };
		5EA183A121211AE7009C6675 /* ZDataListSearchView.h */ = {isa = PBXFileReference; lastKnownFileType = sourcecode.c.h; path = ZDataListSearchView.h; sourceTree = "<group>"; };
		5EA183A221211AE7009C6675 /* ZDataListSearchView.m */ = {isa = PBXFileReference; lastKnownFileType = sourcecode.c.objc; path = ZDataListSearchView.m; sourceTree = "<group>"; };
		5EA183A42121213F009C6675 /* ZDataListCell.h */ = {isa = PBXFileReference; lastKnownFileType = sourcecode.c.h; path = ZDataListCell.h; sourceTree = "<group>"; };
		5EA183A52121213F009C6675 /* ZDataListCell.m */ = {isa = PBXFileReference; lastKnownFileType = sourcecode.c.objc; path = ZDataListCell.m; sourceTree = "<group>"; };
		5EA183A72121252E009C6675 /* ZMeasureVC.h */ = {isa = PBXFileReference; lastKnownFileType = sourcecode.c.h; path = ZMeasureVC.h; sourceTree = "<group>"; };
		5EA183A82121252E009C6675 /* ZMeasureVC.m */ = {isa = PBXFileReference; lastKnownFileType = sourcecode.c.objc; path = ZMeasureVC.m; sourceTree = "<group>"; };
		5EA183AA212125D5009C6675 /* ZMeasureNavView.h */ = {isa = PBXFileReference; lastKnownFileType = sourcecode.c.h; path = ZMeasureNavView.h; sourceTree = "<group>"; };
		5EA183AB212125D5009C6675 /* ZMeasureNavView.m */ = {isa = PBXFileReference; lastKnownFileType = sourcecode.c.objc; path = ZMeasureNavView.m; sourceTree = "<group>"; };
		5EA183AD212126F0009C6675 /* ZMeasureTopView.h */ = {isa = PBXFileReference; lastKnownFileType = sourcecode.c.h; path = ZMeasureTopView.h; sourceTree = "<group>"; };
		5EA183AE212126F0009C6675 /* ZMeasureTopView.m */ = {isa = PBXFileReference; lastKnownFileType = sourcecode.c.objc; path = ZMeasureTopView.m; sourceTree = "<group>"; };
		5EA183B021212F61009C6675 /* ZMeasureListCell.h */ = {isa = PBXFileReference; lastKnownFileType = sourcecode.c.h; path = ZMeasureListCell.h; sourceTree = "<group>"; };
		5EA183B121212F61009C6675 /* ZMeasureListCell.m */ = {isa = PBXFileReference; lastKnownFileType = sourcecode.c.objc; path = ZMeasureListCell.m; sourceTree = "<group>"; };
		5EA183B321213618009C6675 /* ZMeasureEditView.h */ = {isa = PBXFileReference; lastKnownFileType = sourcecode.c.h; path = ZMeasureEditView.h; sourceTree = "<group>"; };
		5EA183B421213618009C6675 /* ZMeasureEditView.m */ = {isa = PBXFileReference; lastKnownFileType = sourcecode.c.objc; path = ZMeasureEditView.m; sourceTree = "<group>"; };
		5EA183B621216C67009C6675 /* ZDataLineChatVC.h */ = {isa = PBXFileReference; lastKnownFileType = sourcecode.c.h; path = ZDataLineChatVC.h; sourceTree = "<group>"; };
		5EA183B721216C67009C6675 /* ZDataLineChatVC.m */ = {isa = PBXFileReference; lastKnownFileType = sourcecode.c.objc; path = ZDataLineChatVC.m; sourceTree = "<group>"; };
		5EA183B921216EEE009C6675 /* ZDataLineChatInfomationView.h */ = {isa = PBXFileReference; lastKnownFileType = sourcecode.c.h; path = ZDataLineChatInfomationView.h; sourceTree = "<group>"; };
		5EA183BA21216EEE009C6675 /* ZDataLineChatInfomationView.m */ = {isa = PBXFileReference; lastKnownFileType = sourcecode.c.objc; path = ZDataLineChatInfomationView.m; sourceTree = "<group>"; };
		5EA183BD2121736B009C6675 /* LFAxisView.h */ = {isa = PBXFileReference; fileEncoding = 4; lastKnownFileType = sourcecode.c.h; path = LFAxisView.h; sourceTree = "<group>"; };
		5EA183BE2121736B009C6675 /* LFAxisView.m */ = {isa = PBXFileReference; fileEncoding = 4; lastKnownFileType = sourcecode.c.objc; path = LFAxisView.m; sourceTree = "<group>"; };
		5EA183BF2121736B009C6675 /* LFChartLineView.h */ = {isa = PBXFileReference; fileEncoding = 4; lastKnownFileType = sourcecode.c.h; path = LFChartLineView.h; sourceTree = "<group>"; };
		5EA183C02121736B009C6675 /* LFChartLineView.m */ = {isa = PBXFileReference; fileEncoding = 4; lastKnownFileType = sourcecode.c.objc; path = LFChartLineView.m; sourceTree = "<group>"; };
		5EA183C12121736B009C6675 /* LFCircleView.h */ = {isa = PBXFileReference; fileEncoding = 4; lastKnownFileType = sourcecode.c.h; path = LFCircleView.h; sourceTree = "<group>"; };
		5EA183C22121736B009C6675 /* LFCircleView.m */ = {isa = PBXFileReference; fileEncoding = 4; lastKnownFileType = sourcecode.c.objc; path = LFCircleView.m; sourceTree = "<group>"; };
		5EA183C32121736B009C6675 /* LFLineChart.h */ = {isa = PBXFileReference; fileEncoding = 4; lastKnownFileType = sourcecode.c.h; path = LFLineChart.h; sourceTree = "<group>"; };
		5EA183C42121736B009C6675 /* LFLineChart.m */ = {isa = PBXFileReference; fileEncoding = 4; lastKnownFileType = sourcecode.c.objc; path = LFLineChart.m; sourceTree = "<group>"; };
		5EFD36A520E0EBB400B68054 /* ZHomeVC.h */ = {isa = PBXFileReference; lastKnownFileType = sourcecode.c.h; path = ZHomeVC.h; sourceTree = "<group>"; };
		5EFD36A620E0EBB400B68054 /* ZHomeVC.m */ = {isa = PBXFileReference; lastKnownFileType = sourcecode.c.objc; path = ZHomeVC.m; sourceTree = "<group>"; };
		EAB9672F618F8828765F44A5 /* Pods-ZECI.release.xcconfig */ = {isa = PBXFileReference; includeInIndex = 1; lastKnownFileType = text.xcconfig; name = "Pods-ZECI.release.xcconfig"; path = "Pods/Target Support Files/Pods-ZECI/Pods-ZECI.release.xcconfig"; sourceTree = "<group>"; };
/* End PBXFileReference section */

/* Begin PBXFrameworksBuildPhase section */
		5E48F8CE20C6542E00422A6F /* Frameworks */ = {
			isa = PBXFrameworksBuildPhase;
			buildActionMask = 2147483647;
			files = (
				5E16A939213404D6004F3033 /* WebKit.framework in Frameworks */,
				5E4EB7DF21265A7F00ED201B /* CoreBluetooth.framework in Frameworks */,
				30A63C8E79AB45659F2858AB /* libPods-ZECI.a in Frameworks */,
			);
			runOnlyForDeploymentPostprocessing = 0;
		};
		5E48F8E620C6542F00422A6F /* Frameworks */ = {
			isa = PBXFrameworksBuildPhase;
			buildActionMask = 2147483647;
			files = (
			);
			runOnlyForDeploymentPostprocessing = 0;
		};
		5E48F8F120C6542F00422A6F /* Frameworks */ = {
			isa = PBXFrameworksBuildPhase;
			buildActionMask = 2147483647;
			files = (
			);
			runOnlyForDeploymentPostprocessing = 0;
		};
/* End PBXFrameworksBuildPhase section */

/* Begin PBXGroup section */
		5E3EFF0620C8C7A1005E3E3E /* IntroductryPages */ = {
			isa = PBXGroup;
			children = (
				5E3EFF0720C8C839005E3E3E /* ZIntroductryPagesManager.h */,
				5E3EFF0820C8C839005E3E3E /* ZIntroductryPagesManager.m */,
				5E3EFF0A20C8C971005E3E3E /* ZIntroductryPagesView.h */,
				5E3EFF0B20C8C971005E3E3E /* ZIntroductryPagesView.m */,
			);
			path = IntroductryPages;
			sourceTree = "<group>";
		};
		5E3EFF1020C8CE7A005E3E3E /* ZAdvertiseHelper */ = {
			isa = PBXGroup;
			children = (
				5E3EFF1120C8CE8B005E3E3E /* ZAdvertiseHelper.h */,
				5E3EFF1220C8CE8B005E3E3E /* ZAdvertiseHelper.m */,
				5E3EFF1420C8CEB9005E3E3E /* ZAdvertiseView.h */,
				5E3EFF1520C8CEB9005E3E3E /* ZAdvertiseView.m */,
			);
			path = ZAdvertiseHelper;
			sourceTree = "<group>";
		};
		5E48F8C820C6542E00422A6F = {
			isa = PBXGroup;
			children = (
				5E48F8D320C6542E00422A6F /* ZECI */,
				5E48F8EC20C6542F00422A6F /* ZECITests */,
				5E48F8F720C6542F00422A6F /* ZECIUITests */,
				5E48F8D220C6542E00422A6F /* Products */,
				A8DEF1791A6B282E474E243C /* Pods */,
				713A9F95CC91AC2C25CC914C /* Frameworks */,
			);
			sourceTree = "<group>";
		};
		5E48F8D220C6542E00422A6F /* Products */ = {
			isa = PBXGroup;
			children = (
				5E48F8D120C6542E00422A6F /* ZECI.app */,
				5E48F8E920C6542F00422A6F /* ZECITests.xctest */,
				5E48F8F420C6542F00422A6F /* ZECIUITests.xctest */,
			);
			name = Products;
			sourceTree = "<group>";
		};
		5E48F8D320C6542E00422A6F /* ZECI */ = {
			isa = PBXGroup;
			children = (
				5E48F90720C672F200422A6F /* Classes */,
				5E48F90620C66F2800422A6F /* Supporting Files */,
				5E48F8DD20C6542F00422A6F /* Assets.xcassets */,
				5E48F8E220C6542F00422A6F /* Info.plist */,
				5E68267B212BD8FA003C7030 /* Localizable.strings */,
				5E682674212BD82D003C7030 /* InfoPlist.strings */,
			);
			path = ZECI;
			sourceTree = "<group>";
		};
		5E48F8EC20C6542F00422A6F /* ZECITests */ = {
			isa = PBXGroup;
			children = (
				5E48F8ED20C6542F00422A6F /* ZECITests.m */,
				5E48F8EF20C6542F00422A6F /* Info.plist */,
			);
			path = ZECITests;
			sourceTree = "<group>";
		};
		5E48F8F720C6542F00422A6F /* ZECIUITests */ = {
			isa = PBXGroup;
			children = (
				5E48F8F820C6542F00422A6F /* ZECIUITests.m */,
				5E48F8FA20C6542F00422A6F /* Info.plist */,
			);
			path = ZECIUITests;
			sourceTree = "<group>";
		};
		5E48F90620C66F2800422A6F /* Supporting Files */ = {
			isa = PBXGroup;
			children = (
				5E48F8D420C6542E00422A6F /* AppDelegate.h */,
				5E48F8D520C6542E00422A6F /* AppDelegate.m */,
				5E48F8D720C6542E00422A6F /* ViewController.h */,
				5E48F8D820C6542E00422A6F /* ViewController.m */,
				5E48F8DA20C6542E00422A6F /* Main.storyboard */,
				5E48F8DF20C6542F00422A6F /* LaunchScreen.storyboard */,
				5E48F8E320C6542F00422A6F /* main.m */,
				5E4D81D620C780B8002A12E2 /* PrefixHeader.pch */,
				5E4D81D720C784A4002A12E2 /* Const.h */,
			);
			path = "Supporting Files";
			sourceTree = "<group>";
		};
		5E48F90720C672F200422A6F /* Classes */ = {
			isa = PBXGroup;
			children = (
				5E48F90E20C673A700422A6F /* ViewModel */,
				5E48F90C20C6737600422A6F /* Model */,
				5E48F90B20C6736000422A6F /* ViewController */,
				5E48F90A20C6734F00422A6F /* View */,
				5E48F91220C677C600422A6F /* Base */,
				5E48F90920C6734700422A6F /* Public */,
			);
			path = Classes;
			sourceTree = "<group>";
		};
		5E48F90920C6734700422A6F /* Public */ = {
			isa = PBXGroup;
			children = (
				5E4D81DF20C7B53D002A12E2 /* Tools */,
				5E48F90D20C673A200422A6F /* Vendor */,
				5E48F91020C6746200422A6F /* Extension */,
			);
			path = Public;
			sourceTree = "<group>";
		};
		5E48F90A20C6734F00422A6F /* View */ = {
			isa = PBXGroup;
			children = (
				5EFD369E20E0E15B00B68054 /* home */,
			);
			path = View;
			sourceTree = "<group>";
		};
		5E48F90B20C6736000422A6F /* ViewController */ = {
			isa = PBXGroup;
			children = (
				5EFD369B20E0E10700B68054 /* home */,
			);
			path = ViewController;
			sourceTree = "<group>";
		};
		5E48F90C20C6737600422A6F /* Model */ = {
			isa = PBXGroup;
			children = (
				5EFD369C20E0E14A00B68054 /* home */,
			);
			path = Model;
			sourceTree = "<group>";
		};
		5E48F90D20C673A200422A6F /* Vendor */ = {
			isa = PBXGroup;
			children = (
				5E4EB7E7212699F100ED201B /* animationView */,
				5E51D6D121250D1C009F6A0E /* JMHoledView */,
				5EA183BC2121736B009C6675 /* LFLineChart */,
				5E4D81E620C7C592002A12E2 /* iCarousel */,
				5E48F91320C67BD300422A6F /* WRNavigationBar */,
			);
			path = Vendor;
			sourceTree = "<group>";
		};
		5E48F90E20C673A700422A6F /* ViewModel */ = {
			isa = PBXGroup;
			children = (
				5EFD36A020E0E17300B68054 /* home */,
			);
			path = ViewModel;
			sourceTree = "<group>";
		};
		5E48F91020C6746200422A6F /* Extension */ = {
			isa = PBXGroup;
			children = (
				5E543DEF211830A900EB3830 /* UITableViewCell+ZCategory */,
				5E5D891820E1D2DA0096536C /* UIView+Radio */,
				5E4D81EA20C7C5B5002A12E2 /* NSObject+Hint */,
				5E48F93620C694E000422A6F /* NSArray+LYNil */,
			);
			path = Extension;
			sourceTree = "<group>";
		};
		5E48F91220C677C600422A6F /* Base */ = {
			isa = PBXGroup;
			children = (
				5E48F92420C67E8A00422A6F /* ZBaseViewController.h */,
				5E48F92520C67E8A00422A6F /* ZBaseViewController.m */,
				5E48F93020C68D1400422A6F /* ZBaseCustomViewController.h */,
				5E48F93120C68D1400422A6F /* ZBaseCustomViewController.m */,
				5E48F92720C67E9F00422A6F /* ZBaseView.h */,
				5E48F92820C67E9F00422A6F /* ZBaseView.m */,
				5E48F92A20C67FA100422A6F /* ZBaseCell.h */,
				5E48F92B20C67FA100422A6F /* ZBaseCell.m */,
				5E48F92D20C6800000422A6F /* ZBaseNavigationController.h */,
				5E48F92E20C6800000422A6F /* ZBaseNavigationController.m */,
				5E4D81EE20C7CA27002A12E2 /* ZBaseModel.h */,
				5E4D81EF20C7CA27002A12E2 /* ZBaseModel.m */,
				5E4D81F120C7CB59002A12E2 /* ZBaseViewModel.h */,
				5E4D81F220C7CB59002A12E2 /* ZBaseViewModel.m */,
				5E543DF82118331000EB3830 /* ZSpaceCell.h */,
				5E543DF72118331000EB3830 /* ZSpaceCell.m */,
				5E51D6CE21250D0E009F6A0E /* ZGuideView.h */,
				5E51D6CF21250D0E009F6A0E /* ZGuideView.m */,
			);
			path = Base;
			sourceTree = "<group>";
		};
		5E48F91320C67BD300422A6F /* WRNavigationBar */ = {
			isa = PBXGroup;
			children = (
				5E48F91420C67BD300422A6F /* WRCustomNavigationBar.h */,
				5E48F91520C67BD300422A6F /* WRCustomNavigationBar.m */,
				5E48F91620C67BD300422A6F /* WRNavigationBar.h */,
				5E48F91720C67BD300422A6F /* WRNavigationBar.m */,
			);
			path = WRNavigationBar;
			sourceTree = "<group>";
		};
		5E48F93620C694E000422A6F /* NSArray+LYNil */ = {
			isa = PBXGroup;
			children = (
				5E48F93720C694E000422A6F /* NSArray+LYNil.h */,
				5E48F93820C694E000422A6F /* NSArray+LYNil.m */,
				5E48F93920C694E000422A6F /* NSDictionary+LYNil.h */,
				5E48F93A20C694E000422A6F /* NSDictionary+LYNil.m */,
				5E48F93B20C694E000422A6F /* NSMutableArray+LYNil.h */,
				5E48F93C20C694E000422A6F /* NSMutableArray+LYNil.m */,
				5E48F93D20C694E000422A6F /* NSMutableDictionary+LYNil.h */,
				5E48F93E20C694E000422A6F /* NSMutableDictionary+LYNil.m */,
			);
			path = "NSArray+LYNil";
			sourceTree = "<group>";
		};
		5E4D81DF20C7B53D002A12E2 /* Tools */ = {
			isa = PBXGroup;
			children = (
				5E71D51D21241031009FA7E3 /* ZSearhKeyTools */,
				5E3EFF1020C8CE7A005E3E3E /* ZAdvertiseHelper */,
				5E3EFF0620C8C7A1005E3E3E /* IntroductryPages */,
				5E4D81E020C7B59D002A12E2 /* ZPublicManager.h */,
				5E4D81E120C7B59D002A12E2 /* ZPublicManager.m */,
				5E543DE921182FA200EB3830 /* ZCellConfig.h */,
				5E543DEA21182FA200EB3830 /* ZCellConfig.m */,
				5E4D81E320C7B5B6002A12E2 /* ZPublicDataManager.h */,
				5E4D81E420C7B5B6002A12E2 /* ZPublicDataManager.m */,
				5E51D6D8212527D6009F6A0E /* ZPublicBluetoothManager.h */,
				5E51D6D9212527D6009F6A0E /* ZPublicBluetoothManager.m */,
			);
			path = Tools;
			sourceTree = "<group>";
		};
		5E4D81E620C7C592002A12E2 /* iCarousel */ = {
			isa = PBXGroup;
			children = (
				5E4D81E720C7C592002A12E2 /* iCarousel.h */,
				5E4D81E820C7C592002A12E2 /* iCarousel.m */,
			);
			path = iCarousel;
			sourceTree = "<group>";
		};
		5E4D81EA20C7C5B5002A12E2 /* NSObject+Hint */ = {
			isa = PBXGroup;
			children = (
				5E4D81EC20C7C5C2002A12E2 /* NSObject+Hint.h */,
				5E4D81EB20C7C5C1002A12E2 /* NSObject+Hint.m */,
			);
			path = "NSObject+Hint";
			sourceTree = "<group>";
		};
		5E4EB7E7212699F100ED201B /* animationView */ = {
			isa = PBXGroup;
			children = (
				5E4EB7E821269A0000ED201B /* LoadingAnimationView.h */,
				5E4EB7E921269A0000ED201B /* LoadingAnimationView.m */,
			);
			path = animationView;
			sourceTree = "<group>";
		};
		5E51D6D121250D1C009F6A0E /* JMHoledView */ = {
			isa = PBXGroup;
			children = (
				5E51D6D521251236009F6A0E /* JMHoledView.h */,
				5E51D6D621251236009F6A0E /* JMHoledView.m */,
			);
			path = JMHoledView;
			sourceTree = "<group>";
		};
		5E543DEF211830A900EB3830 /* UITableViewCell+ZCategory */ = {
			isa = PBXGroup;
			children = (
				5E543DF0211830A900EB3830 /* UITableViewCell+ZCategory.h */,
				5E543DF1211830A900EB3830 /* UITableViewCell+ZCategory.m */,
			);
			path = "UITableViewCell+ZCategory";
			sourceTree = "<group>";
		};
		5E5D891820E1D2DA0096536C /* UIView+Radio */ = {
			isa = PBXGroup;
			children = (
				5E5D891A20E1D2EF0096536C /* UIView+Radio.h */,
				5E5D891920E1D2EF0096536C /* UIView+Radio.m */,
			);
			path = "UIView+Radio";
			sourceTree = "<group>";
		};
		5E71D51D21241031009FA7E3 /* ZSearhKeyTools */ = {
			isa = PBXGroup;
			children = (
				5E71D52421241058009FA7E3 /* NSString+pinyin.h */,
				5E71D52521241058009FA7E3 /* NSString+pinyin.m */,
				5E71D51E21241031009FA7E3 /* UserDTO.h */,
				5E71D51F21241031009FA7E3 /* UserDTO.m */,
				5E71D52021241031009FA7E3 /* Utils.h */,
				5E71D52121241031009FA7E3 /* Utils.m */,
			);
			path = ZSearhKeyTools;
			sourceTree = "<group>";
		};
		5EA183BC2121736B009C6675 /* LFLineChart */ = {
			isa = PBXGroup;
			children = (
				5EA183BD2121736B009C6675 /* LFAxisView.h */,
				5EA183BE2121736B009C6675 /* LFAxisView.m */,
				5EA183BF2121736B009C6675 /* LFChartLineView.h */,
				5EA183C02121736B009C6675 /* LFChartLineView.m */,
				5EA183C12121736B009C6675 /* LFCircleView.h */,
				5EA183C22121736B009C6675 /* LFCircleView.m */,
				5EA183C32121736B009C6675 /* LFLineChart.h */,
				5EA183C42121736B009C6675 /* LFLineChart.m */,
			);
			path = LFLineChart;
			sourceTree = "<group>";
		};
		5EFD369B20E0E10700B68054 /* home */ = {
			isa = PBXGroup;
			children = (
				5EFD36A520E0EBB400B68054 /* ZHomeVC.h */,
				5EFD36A620E0EBB400B68054 /* ZHomeVC.m */,
				5EA1839B2121136A009C6675 /* ZCompanyInfoVC.h */,
				5EA1839C2121136A009C6675 /* ZCompanyInfoVC.m */,
				5EA1839E212119C3009C6675 /* ZDataListVC.h */,
				5EA1839F212119C3009C6675 /* ZDataListVC.m */,
				5EA183A72121252E009C6675 /* ZMeasureVC.h */,
				5EA183A82121252E009C6675 /* ZMeasureVC.m */,
				5EA183B621216C67009C6675 /* ZDataLineChatVC.h */,
				5EA183B721216C67009C6675 /* ZDataLineChatVC.m */,
				5E71D527212427D0009FA7E3 /* ZLineChatBrowseVC.h */,
				5E71D528212427D0009FA7E3 /* ZLineChatBrowseVC.m */,
				5E53923F212FEEBB0005DF10 /* ZSingDataListVC.h */,
				5E539240212FEEBB0005DF10 /* ZSingDataListVC.m */,
				5E16A9322133E77D004F3033 /* ZWebVC.h */,
				5E16A9332133E77D004F3033 /* ZWebVC.m */,
			);
			path = home;
			sourceTree = "<group>";
		};
		5EFD369C20E0E14A00B68054 /* home */ = {
			isa = PBXGroup;
			children = (
				5E45CC652122AD5B00469A30 /* ZHomeModel.h */,
				5E45CC662122AD5B00469A30 /* ZHomeModel.m */,
			);
			path = home;
			sourceTree = "<group>";
		};
		5EFD369E20E0E15B00B68054 /* home */ = {
			isa = PBXGroup;
			children = (
				5E093038211EB54B00AA98DC /* ZHomeNavView.h */,
				5E093039211EB54B00AA98DC /* ZHomeNavView.m */,
				5E09303B211ECD6A00AA98DC /* ZHomeBluetoothListCell.h */,
				5E09303C211ECD6A00AA98DC /* ZHomeBluetoothListCell.m */,
				5E09303E211EE55100AA98DC /* ZHomeConnectCell.h */,
				5E09303F211EE55100AA98DC /* ZHomeConnectCell.m */,
				5EA183A121211AE7009C6675 /* ZDataListSearchView.h */,
				5EA183A221211AE7009C6675 /* ZDataListSearchView.m */,
				5EA183A42121213F009C6675 /* ZDataListCell.h */,
				5EA183A52121213F009C6675 /* ZDataListCell.m */,
				5EA183AA212125D5009C6675 /* ZMeasureNavView.h */,
				5EA183AB212125D5009C6675 /* ZMeasureNavView.m */,
				5EA183AD212126F0009C6675 /* ZMeasureTopView.h */,
				5EA183AE212126F0009C6675 /* ZMeasureTopView.m */,
				5EA183B021212F61009C6675 /* ZMeasureListCell.h */,
				5EA183B121212F61009C6675 /* ZMeasureListCell.m */,
				5EA183B321213618009C6675 /* ZMeasureEditView.h */,
				5EA183B421213618009C6675 /* ZMeasureEditView.m */,
				5EA183B921216EEE009C6675 /* ZDataLineChatInfomationView.h */,
				5EA183BA21216EEE009C6675 /* ZDataLineChatInfomationView.m */,
				5E45CC622122663C00469A30 /* ZShareView.h */,
				5E45CC632122663C00469A30 /* ZShareView.m */,
				5E71D50D2123C686009FA7E3 /* ZMeasureSaveView.h */,
				5E71D50E2123C686009FA7E3 /* ZMeasureSaveView.m */,
				5E71D5102123CC7A009FA7E3 /* ZMeasureSaveAlertView.h */,
				5E71D5112123CC7A009FA7E3 /* ZMeasureSaveAlertView.m */,
				5E4EB7EB2126CE6200ED201B /* ZBluetoothLostView.h */,
				5E4EB7EC2126CE6200ED201B /* ZBluetoothLostView.m */,
				5E682659212BA462003C7030 /* ZMeasureSaveImageToPhotoView.h */,
				5E68265A212BA462003C7030 /* ZMeasureSaveImageToPhotoView.m */,
				5E68265C212BB7FA003C7030 /* ZBluetoothPowerOffView.h */,
				5E68265D212BB7FA003C7030 /* ZBluetoothPowerOffView.m */,
				5E539236212FCFCA0005DF10 /* ZDataNameListView.h */,
				5E539237212FCFCA0005DF10 /* ZDataNameListView.m */,
				5E539239212FD4610005DF10 /* ZDataNameListCell.h */,
				5E53923A212FD4610005DF10 /* ZDataNameListCell.m */,
				5E16A9352133F470004F3033 /* ZCompanyInfoCell.h */,
				5E16A9362133F470004F3033 /* ZCompanyInfoCell.m */,
			);
			path = home;
			sourceTree = "<group>";
		};
		5EFD36A020E0E17300B68054 /* home */ = {
			isa = PBXGroup;
			children = (
				5E45CC682122AEF200469A30 /* ZHomeViewModel.h */,
				5E45CC692122AEF200469A30 /* ZHomeViewModel.m */,
			);
			path = home;
			sourceTree = "<group>";
		};
		713A9F95CC91AC2C25CC914C /* Frameworks */ = {
			isa = PBXGroup;
			children = (
				5E16A938213404D6004F3033 /* WebKit.framework */,
				5E4EB7DE21265A7F00ED201B /* CoreBluetooth.framework */,
				3927F0F06D5F9CE2CFE33939 /* libPods-ZECI.a */,
			);
			name = Frameworks;
			sourceTree = "<group>";
		};
		A8DEF1791A6B282E474E243C /* Pods */ = {
			isa = PBXGroup;
			children = (
				47F96B89B39C940A8F998439 /* Pods-ZECI.debug.xcconfig */,
				EAB9672F618F8828765F44A5 /* Pods-ZECI.release.xcconfig */,
			);
			name = Pods;
			sourceTree = "<group>";
		};
/* End PBXGroup section */

/* Begin PBXNativeTarget section */
		5E48F8D020C6542E00422A6F /* ZECI */ = {
			isa = PBXNativeTarget;
			buildConfigurationList = 5E48F8FD20C6542F00422A6F /* Build configuration list for PBXNativeTarget "ZECI" */;
			buildPhases = (
				47E315582A72A8B038DF277E /* [CP] Check Pods Manifest.lock */,
				5E48F8CD20C6542E00422A6F /* Sources */,
				5E48F8CE20C6542E00422A6F /* Frameworks */,
				5E48F8CF20C6542E00422A6F /* Resources */,
				B3832B9B32FC0BAF911CF3F8 /* [CP] Copy Pods Resources */,
			);
			buildRules = (
			);
			dependencies = (
			);
			name = ZECI;
			productName = ZECI;
			productReference = 5E48F8D120C6542E00422A6F /* ZECI.app */;
			productType = "com.apple.product-type.application";
		};
		5E48F8E820C6542F00422A6F /* ZECITests */ = {
			isa = PBXNativeTarget;
			buildConfigurationList = 5E48F90020C6542F00422A6F /* Build configuration list for PBXNativeTarget "ZECITests" */;
			buildPhases = (
				5E48F8E520C6542F00422A6F /* Sources */,
				5E48F8E620C6542F00422A6F /* Frameworks */,
				5E48F8E720C6542F00422A6F /* Resources */,
			);
			buildRules = (
			);
			dependencies = (
				5E48F8EB20C6542F00422A6F /* PBXTargetDependency */,
			);
			name = ZECITests;
			productName = ZECITests;
			productReference = 5E48F8E920C6542F00422A6F /* ZECITests.xctest */;
			productType = "com.apple.product-type.bundle.unit-test";
		};
		5E48F8F320C6542F00422A6F /* ZECIUITests */ = {
			isa = PBXNativeTarget;
			buildConfigurationList = 5E48F90320C6542F00422A6F /* Build configuration list for PBXNativeTarget "ZECIUITests" */;
			buildPhases = (
				5E48F8F020C6542F00422A6F /* Sources */,
				5E48F8F120C6542F00422A6F /* Frameworks */,
				5E48F8F220C6542F00422A6F /* Resources */,
			);
			buildRules = (
			);
			dependencies = (
				5E48F8F620C6542F00422A6F /* PBXTargetDependency */,
			);
			name = ZECIUITests;
			productName = ZECIUITests;
			productReference = 5E48F8F420C6542F00422A6F /* ZECIUITests.xctest */;
			productType = "com.apple.product-type.bundle.ui-testing";
		};
/* End PBXNativeTarget section */

/* Begin PBXProject section */
		5E48F8C920C6542E00422A6F /* Project object */ = {
			isa = PBXProject;
			attributes = {
				LastUpgradeCheck = 0930;
				ORGANIZATIONNAME = zzz;
				TargetAttributes = {
					5E48F8D020C6542E00422A6F = {
						CreatedOnToolsVersion = 9.3;
					};
					5E48F8E820C6542F00422A6F = {
						CreatedOnToolsVersion = 9.3;
						TestTargetID = 5E48F8D020C6542E00422A6F;
					};
					5E48F8F320C6542F00422A6F = {
						CreatedOnToolsVersion = 9.3;
						TestTargetID = 5E48F8D020C6542E00422A6F;
					};
				};
			};
			buildConfigurationList = 5E48F8CC20C6542E00422A6F /* Build configuration list for PBXProject "ZECI" */;
			compatibilityVersion = "Xcode 9.3";
			developmentRegion = en;
			hasScannedForEncodings = 0;
			knownRegions = (
				en,
				Base,
				"zh-Hans",
				ja,
			);
			mainGroup = 5E48F8C820C6542E00422A6F;
			productRefGroup = 5E48F8D220C6542E00422A6F /* Products */;
			projectDirPath = "";
			projectRoot = "";
			targets = (
				5E48F8D020C6542E00422A6F /* ZECI */,
				5E48F8E820C6542F00422A6F /* ZECITests */,
				5E48F8F320C6542F00422A6F /* ZECIUITests */,
			);
		};
/* End PBXProject section */

/* Begin PBXResourcesBuildPhase section */
		5E48F8CF20C6542E00422A6F /* Resources */ = {
			isa = PBXResourcesBuildPhase;
			buildActionMask = 2147483647;
			files = (
				5E682679212BD8FA003C7030 /* Localizable.strings in Resources */,
				5E48F8E120C6542F00422A6F /* LaunchScreen.storyboard in Resources */,
				5E682672212BD82D003C7030 /* InfoPlist.strings in Resources */,
				5E48F8DE20C6542F00422A6F /* Assets.xcassets in Resources */,
				5E48F8DC20C6542E00422A6F /* Main.storyboard in Resources */,
			);
			runOnlyForDeploymentPostprocessing = 0;
		};
		5E48F8E720C6542F00422A6F /* Resources */ = {
			isa = PBXResourcesBuildPhase;
			buildActionMask = 2147483647;
			files = (
			);
			runOnlyForDeploymentPostprocessing = 0;
		};
		5E48F8F220C6542F00422A6F /* Resources */ = {
			isa = PBXResourcesBuildPhase;
			buildActionMask = 2147483647;
			files = (
			);
			runOnlyForDeploymentPostprocessing = 0;
		};
/* End PBXResourcesBuildPhase section */

/* Begin PBXShellScriptBuildPhase section */
		47E315582A72A8B038DF277E /* [CP] Check Pods Manifest.lock */ = {
			isa = PBXShellScriptBuildPhase;
			buildActionMask = 2147483647;
			files = (
			);
			inputPaths = (
				"${PODS_PODFILE_DIR_PATH}/Podfile.lock",
				"${PODS_ROOT}/Manifest.lock",
			);
			name = "[CP] Check Pods Manifest.lock";
			outputPaths = (
				"$(DERIVED_FILE_DIR)/Pods-ZECI-checkManifestLockResult.txt",
			);
			runOnlyForDeploymentPostprocessing = 0;
			shellPath = /bin/sh;
			shellScript = "diff \"${PODS_PODFILE_DIR_PATH}/Podfile.lock\" \"${PODS_ROOT}/Manifest.lock\" > /dev/null\nif [ $? != 0 ] ; then\n    # print error to STDERR\n    echo \"error: The sandbox is not in sync with the Podfile.lock. Run 'pod install' or update your CocoaPods installation.\" >&2\n    exit 1\nfi\n# This output is used by Xcode 'outputs' to avoid re-running this script phase.\necho \"SUCCESS\" > \"${SCRIPT_OUTPUT_FILE_0}\"\n";
			showEnvVarsInLog = 0;
		};
		B3832B9B32FC0BAF911CF3F8 /* [CP] Copy Pods Resources */ = {
			isa = PBXShellScriptBuildPhase;
			buildActionMask = 2147483647;
			files = (
			);
			inputPaths = (
				"${SRCROOT}/Pods/Target Support Files/Pods-ZECI/Pods-ZECI-resources.sh",
				"${PODS_ROOT}/IQKeyboardManager/IQKeyboardManager/Resources/IQKeyboardManager.bundle",
			);
			name = "[CP] Copy Pods Resources";
			outputPaths = (
				"${TARGET_BUILD_DIR}/${UNLOCALIZED_RESOURCES_FOLDER_PATH}/IQKeyboardManager.bundle",
			);
			runOnlyForDeploymentPostprocessing = 0;
			shellPath = /bin/sh;
			shellScript = "\"${SRCROOT}/Pods/Target Support Files/Pods-ZECI/Pods-ZECI-resources.sh\"\n";
			showEnvVarsInLog = 0;
		};
/* End PBXShellScriptBuildPhase section */

/* Begin PBXSourcesBuildPhase section */
		5E48F8CD20C6542E00422A6F /* Sources */ = {
			isa = PBXSourcesBuildPhase;
			buildActionMask = 2147483647;
			files = (
				5E539241212FEEBB0005DF10 /* ZSingDataListVC.m in Sources */,
				5EA183B521213618009C6675 /* ZMeasureEditView.m in Sources */,
				5EA183A92121252E009C6675 /* ZMeasureVC.m in Sources */,
				5E48F8D920C6542E00422A6F /* ViewController.m in Sources */,
				5EA183C72121736B009C6675 /* LFCircleView.m in Sources */,
				5EA183AC212125D5009C6675 /* ZMeasureNavView.m in Sources */,
				5E3EFF0C20C8C971005E3E3E /* ZIntroductryPagesView.m in Sources */,
				5E543DEB21182FA200EB3830 /* ZCellConfig.m in Sources */,
				5E3EFF0920C8C839005E3E3E /* ZIntroductryPagesManager.m in Sources */,
				5E4D81E920C7C592002A12E2 /* iCarousel.m in Sources */,
				5E48F93F20C694E000422A6F /* NSArray+LYNil.m in Sources */,
				5EA183C62121736B009C6675 /* LFChartLineView.m in Sources */,
				5E71D50F2123C686009FA7E3 /* ZMeasureSaveView.m in Sources */,
				5EA183A0212119C3009C6675 /* ZDataListVC.m in Sources */,
				5E68265E212BB7FA003C7030 /* ZBluetoothPowerOffView.m in Sources */,
				5E68265B212BA462003C7030 /* ZMeasureSaveImageToPhotoView.m in Sources */,
				5E48F92620C67E8A00422A6F /* ZBaseViewController.m in Sources */,
				5E48F92F20C6800000422A6F /* ZBaseNavigationController.m in Sources */,
				5EA183A321211AE7009C6675 /* ZDataListSearchView.m in Sources */,
				5E51D6DA212527D6009F6A0E /* ZPublicBluetoothManager.m in Sources */,
				5E4EB7EA21269A0000ED201B /* LoadingAnimationView.m in Sources */,
				5E09303D211ECD6A00AA98DC /* ZHomeBluetoothListCell.m in Sources */,
				5E71D5122123CC7A009FA7E3 /* ZMeasureSaveAlertView.m in Sources */,
				5E4D81F020C7CA27002A12E2 /* ZBaseModel.m in Sources */,
				5E48F93220C68D1400422A6F /* ZBaseCustomViewController.m in Sources */,
				5EFD36A720E0EBB400B68054 /* ZHomeVC.m in Sources */,
				5E48F92C20C67FA100422A6F /* ZBaseCell.m in Sources */,
				5EA183C82121736B009C6675 /* LFLineChart.m in Sources */,
				5E51D6D721251237009F6A0E /* JMHoledView.m in Sources */,
				5E71D52321241031009FA7E3 /* Utils.m in Sources */,
				5E16A9372133F470004F3033 /* ZCompanyInfoCell.m in Sources */,
				5E48F94120C694E000422A6F /* NSMutableArray+LYNil.m in Sources */,
				5E48F94220C694E000422A6F /* NSMutableDictionary+LYNil.m in Sources */,
				5E51D6D021250D0E009F6A0E /* ZGuideView.m in Sources */,
				5E45CC672122AD5B00469A30 /* ZHomeModel.m in Sources */,
				5E09303A211EB54B00AA98DC /* ZHomeNavView.m in Sources */,
				5E4D81E520C7B5B6002A12E2 /* ZPublicDataManager.m in Sources */,
				5E48F91920C67BD300422A6F /* WRNavigationBar.m in Sources */,
				5E71D52621241058009FA7E3 /* NSString+pinyin.m in Sources */,
				5EA183AF212126F0009C6675 /* ZMeasureTopView.m in Sources */,
				5EA183B221212F61009C6675 /* ZMeasureListCell.m in Sources */,
				5E45CC6A2122AEF200469A30 /* ZHomeViewModel.m in Sources */,
				5E71D529212427D0009FA7E3 /* ZLineChatBrowseVC.m in Sources */,
				5E16A9342133E77D004F3033 /* ZWebVC.m in Sources */,
				5E5D891B20E1D2EF0096536C /* UIView+Radio.m in Sources */,
				5E3EFF1620C8CEB9005E3E3E /* ZAdvertiseView.m in Sources */,
				5E48F92920C67E9F00422A6F /* ZBaseView.m in Sources */,
				5E543DF5211830A900EB3830 /* UITableViewCell+ZCategory.m in Sources */,
				5E4D81E220C7B59D002A12E2 /* ZPublicManager.m in Sources */,
				5E48F94020C694E000422A6F /* NSDictionary+LYNil.m in Sources */,
				5E4D81F320C7CB59002A12E2 /* ZBaseViewModel.m in Sources */,
				5E71D52221241031009FA7E3 /* UserDTO.m in Sources */,
				5E4D81ED20C7C5C2002A12E2 /* NSObject+Hint.m in Sources */,
				5E48F8E420C6542F00422A6F /* main.m in Sources */,
				5EA183BB21216EEE009C6675 /* ZDataLineChatInfomationView.m in Sources */,
				5E3EFF1320C8CE8B005E3E3E /* ZAdvertiseHelper.m in Sources */,
				5EA1839D2121136A009C6675 /* ZCompanyInfoVC.m in Sources */,
				5E48F8D620C6542E00422A6F /* AppDelegate.m in Sources */,
				5E53923B212FD4610005DF10 /* ZDataNameListCell.m in Sources */,
				5E48F91820C67BD300422A6F /* WRCustomNavigationBar.m in Sources */,
				5E45CC642122663C00469A30 /* ZShareView.m in Sources */,
				5EA183C52121736B009C6675 /* LFAxisView.m in Sources */,
				5E539238212FCFCA0005DF10 /* ZDataNameListView.m in Sources */,
				5E093040211EE55100AA98DC /* ZHomeConnectCell.m in Sources */,
				5E4EB7ED2126CE6200ED201B /* ZBluetoothLostView.m in Sources */,
				5E543DF92118331000EB3830 /* ZSpaceCell.m in Sources */,
				5EA183A62121213F009C6675 /* ZDataListCell.m in Sources */,
				5EA183B821216C67009C6675 /* ZDataLineChatVC.m in Sources */,
			);
			runOnlyForDeploymentPostprocessing = 0;
		};
		5E48F8E520C6542F00422A6F /* Sources */ = {
			isa = PBXSourcesBuildPhase;
			buildActionMask = 2147483647;
			files = (
				5E48F8EE20C6542F00422A6F /* ZECITests.m in Sources */,
			);
			runOnlyForDeploymentPostprocessing = 0;
		};
		5E48F8F020C6542F00422A6F /* Sources */ = {
			isa = PBXSourcesBuildPhase;
			buildActionMask = 2147483647;
			files = (
				5E48F8F920C6542F00422A6F /* ZECIUITests.m in Sources */,
			);
			runOnlyForDeploymentPostprocessing = 0;
		};
/* End PBXSourcesBuildPhase section */

/* Begin PBXTargetDependency section */
		5E48F8EB20C6542F00422A6F /* PBXTargetDependency */ = {
			isa = PBXTargetDependency;
			target = 5E48F8D020C6542E00422A6F /* ZECI */;
			targetProxy = 5E48F8EA20C6542F00422A6F /* PBXContainerItemProxy */;
		};
		5E48F8F620C6542F00422A6F /* PBXTargetDependency */ = {
			isa = PBXTargetDependency;
			target = 5E48F8D020C6542E00422A6F /* ZECI */;
			targetProxy = 5E48F8F520C6542F00422A6F /* PBXContainerItemProxy */;
		};
/* End PBXTargetDependency section */

/* Begin PBXVariantGroup section */
		5E48F8DA20C6542E00422A6F /* Main.storyboard */ = {
			isa = PBXVariantGroup;
			children = (
				5E48F8DB20C6542E00422A6F /* Base */,
				5E68266C212BD7ED003C7030 /* zh-Hans */,
				5E68266E212BD7F6003C7030 /* ja */,
			);
			name = Main.storyboard;
			sourceTree = "<group>";
		};
		5E48F8DF20C6542F00422A6F /* LaunchScreen.storyboard */ = {
			isa = PBXVariantGroup;
			children = (
				5E48F8E020C6542F00422A6F /* Base */,
				5E68266D212BD7ED003C7030 /* zh-Hans */,
				5E68266F212BD7F6003C7030 /* ja */,
			);
			name = LaunchScreen.storyboard;
			sourceTree = "<group>";
		};
		5E682674212BD82D003C7030 /* InfoPlist.strings */ = {
			isa = PBXVariantGroup;
			children = (
				5E682673212BD82D003C7030 /* en */,
				5E682675212BD831003C7030 /* zh-Hans */,
				5E682676212BD832003C7030 /* ja */,
			);
			name = InfoPlist.strings;
			sourceTree = "<group>";
		};
		5E68267B212BD8FA003C7030 /* Localizable.strings */ = {
			isa = PBXVariantGroup;
			children = (
				5E68267A212BD8FA003C7030 /* en */,
				5E68267C212BD8FC003C7030 /* zh-Hans */,
				5E68267D212BD8FD003C7030 /* ja */,
			);
			name = Localizable.strings;
			sourceTree = "<group>";
		};
/* End PBXVariantGroup section */

/* Begin XCBuildConfiguration section */
		5E48F8FB20C6542F00422A6F /* Debug */ = {
			isa = XCBuildConfiguration;
			buildSettings = {
				ALWAYS_SEARCH_USER_PATHS = NO;
				CLANG_ANALYZER_LOCALIZABILITY_NONLOCALIZED = YES;
				CLANG_ANALYZER_NONNULL = YES;
				CLANG_ANALYZER_NUMBER_OBJECT_CONVERSION = YES_AGGRESSIVE;
				CLANG_CXX_LANGUAGE_STANDARD = "gnu++14";
				CLANG_CXX_LIBRARY = "libc++";
				CLANG_ENABLE_MODULES = YES;
				CLANG_ENABLE_OBJC_ARC = YES;
				CLANG_ENABLE_OBJC_WEAK = YES;
				CLANG_WARN_BLOCK_CAPTURE_AUTORELEASING = YES;
				CLANG_WARN_BOOL_CONVERSION = YES;
				CLANG_WARN_COMMA = YES;
				CLANG_WARN_CONSTANT_CONVERSION = YES;
				CLANG_WARN_DEPRECATED_OBJC_IMPLEMENTATIONS = YES;
				CLANG_WARN_DIRECT_OBJC_ISA_USAGE = YES_ERROR;
				CLANG_WARN_DOCUMENTATION_COMMENTS = YES;
				CLANG_WARN_EMPTY_BODY = YES;
				CLANG_WARN_ENUM_CONVERSION = YES;
				CLANG_WARN_INFINITE_RECURSION = YES;
				CLANG_WARN_INT_CONVERSION = YES;
				CLANG_WARN_NON_LITERAL_NULL_CONVERSION = YES;
				CLANG_WARN_OBJC_IMPLICIT_RETAIN_SELF = YES;
				CLANG_WARN_OBJC_LITERAL_CONVERSION = YES;
				CLANG_WARN_OBJC_ROOT_CLASS = YES_ERROR;
				CLANG_WARN_RANGE_LOOP_ANALYSIS = YES;
				CLANG_WARN_STRICT_PROTOTYPES = YES;
				CLANG_WARN_SUSPICIOUS_MOVE = YES;
				CLANG_WARN_UNGUARDED_AVAILABILITY = YES_AGGRESSIVE;
				CLANG_WARN_UNREACHABLE_CODE = YES;
				CLANG_WARN__DUPLICATE_METHOD_MATCH = YES;
				CODE_SIGN_IDENTITY = "iPhone Developer";
				COPY_PHASE_STRIP = NO;
				DEBUG_INFORMATION_FORMAT = dwarf;
				ENABLE_STRICT_OBJC_MSGSEND = YES;
				ENABLE_TESTABILITY = YES;
				GCC_C_LANGUAGE_STANDARD = gnu11;
				GCC_DYNAMIC_NO_PIC = NO;
				GCC_NO_COMMON_BLOCKS = YES;
				GCC_OPTIMIZATION_LEVEL = 0;
				GCC_PREPROCESSOR_DEFINITIONS = (
					"DEBUG=1",
					"$(inherited)",
				);
				GCC_WARN_64_TO_32_BIT_CONVERSION = YES;
				GCC_WARN_ABOUT_RETURN_TYPE = YES_ERROR;
				GCC_WARN_UNDECLARED_SELECTOR = YES;
				GCC_WARN_UNINITIALIZED_AUTOS = YES_AGGRESSIVE;
				GCC_WARN_UNUSED_FUNCTION = YES;
				GCC_WARN_UNUSED_VARIABLE = YES;
				IPHONEOS_DEPLOYMENT_TARGET = 11.3;
				MTL_ENABLE_DEBUG_INFO = YES;
				ONLY_ACTIVE_ARCH = YES;
				SDKROOT = iphoneos;
			};
			name = Debug;
		};
		5E48F8FC20C6542F00422A6F /* Release */ = {
			isa = XCBuildConfiguration;
			buildSettings = {
				ALWAYS_SEARCH_USER_PATHS = NO;
				CLANG_ANALYZER_LOCALIZABILITY_NONLOCALIZED = YES;
				CLANG_ANALYZER_NONNULL = YES;
				CLANG_ANALYZER_NUMBER_OBJECT_CONVERSION = YES_AGGRESSIVE;
				CLANG_CXX_LANGUAGE_STANDARD = "gnu++14";
				CLANG_CXX_LIBRARY = "libc++";
				CLANG_ENABLE_MODULES = YES;
				CLANG_ENABLE_OBJC_ARC = YES;
				CLANG_ENABLE_OBJC_WEAK = YES;
				CLANG_WARN_BLOCK_CAPTURE_AUTORELEASING = YES;
				CLANG_WARN_BOOL_CONVERSION = YES;
				CLANG_WARN_COMMA = YES;
				CLANG_WARN_CONSTANT_CONVERSION = YES;
				CLANG_WARN_DEPRECATED_OBJC_IMPLEMENTATIONS = YES;
				CLANG_WARN_DIRECT_OBJC_ISA_USAGE = YES_ERROR;
				CLANG_WARN_DOCUMENTATION_COMMENTS = YES;
				CLANG_WARN_EMPTY_BODY = YES;
				CLANG_WARN_ENUM_CONVERSION = YES;
				CLANG_WARN_INFINITE_RECURSION = YES;
				CLANG_WARN_INT_CONVERSION = YES;
				CLANG_WARN_NON_LITERAL_NULL_CONVERSION = YES;
				CLANG_WARN_OBJC_IMPLICIT_RETAIN_SELF = YES;
				CLANG_WARN_OBJC_LITERAL_CONVERSION = YES;
				CLANG_WARN_OBJC_ROOT_CLASS = YES_ERROR;
				CLANG_WARN_RANGE_LOOP_ANALYSIS = YES;
				CLANG_WARN_STRICT_PROTOTYPES = YES;
				CLANG_WARN_SUSPICIOUS_MOVE = YES;
				CLANG_WARN_UNGUARDED_AVAILABILITY = YES_AGGRESSIVE;
				CLANG_WARN_UNREACHABLE_CODE = YES;
				CLANG_WARN__DUPLICATE_METHOD_MATCH = YES;
				CODE_SIGN_IDENTITY = "iPhone Developer";
				COPY_PHASE_STRIP = NO;
				DEBUG_INFORMATION_FORMAT = "dwarf-with-dsym";
				ENABLE_NS_ASSERTIONS = NO;
				ENABLE_STRICT_OBJC_MSGSEND = YES;
				GCC_C_LANGUAGE_STANDARD = gnu11;
				GCC_NO_COMMON_BLOCKS = YES;
				GCC_WARN_64_TO_32_BIT_CONVERSION = YES;
				GCC_WARN_ABOUT_RETURN_TYPE = YES_ERROR;
				GCC_WARN_UNDECLARED_SELECTOR = YES;
				GCC_WARN_UNINITIALIZED_AUTOS = YES_AGGRESSIVE;
				GCC_WARN_UNUSED_FUNCTION = YES;
				GCC_WARN_UNUSED_VARIABLE = YES;
				IPHONEOS_DEPLOYMENT_TARGET = 11.3;
				MTL_ENABLE_DEBUG_INFO = NO;
				SDKROOT = iphoneos;
				VALIDATE_PRODUCT = YES;
			};
			name = Release;
		};
		5E48F8FE20C6542F00422A6F /* Debug */ = {
			isa = XCBuildConfiguration;
			baseConfigurationReference = 47F96B89B39C940A8F998439 /* Pods-ZECI.debug.xcconfig */;
			buildSettings = {
				ASSETCATALOG_COMPILER_APPICON_NAME = AppIcon;
				ASSETCATALOG_COMPILER_LAUNCHIMAGE_NAME = LaunchImage;
				CODE_SIGN_IDENTITY = "iPhone Developer";
				CODE_SIGN_STYLE = Automatic;
				DEVELOPMENT_TEAM = 7483HXR3HC;
				GCC_PREFIX_HEADER = "$(SRCROOT)/ZECI/Supporting Files/PrefixHeader.pch";
				INFOPLIST_FILE = "$(SRCROOT)/ZECI/Info.plist";
				IPHONEOS_DEPLOYMENT_TARGET = 10.0;
				LD_RUNPATH_SEARCH_PATHS = (
					"$(inherited)",
					"@executable_path/Frameworks",
				);
				PRODUCT_BUNDLE_IDENTIFIER = com.zzz.zeci;
				PRODUCT_NAME = "$(TARGET_NAME)";
				PROVISIONING_PROFILE = "";
				PROVISIONING_PROFILE_SPECIFIER = "";
				TARGETED_DEVICE_FAMILY = "1,2";
			};
			name = Debug;
		};
		5E48F8FF20C6542F00422A6F /* Release */ = {
			isa = XCBuildConfiguration;
			baseConfigurationReference = EAB9672F618F8828765F44A5 /* Pods-ZECI.release.xcconfig */;
			buildSettings = {
				ASSETCATALOG_COMPILER_APPICON_NAME = AppIcon;
				ASSETCATALOG_COMPILER_LAUNCHIMAGE_NAME = LaunchImage;
				CODE_SIGN_IDENTITY = "iPhone Developer";
				CODE_SIGN_STYLE = Automatic;
				DEVELOPMENT_TEAM = 7483HXR3HC;
				GCC_PREFIX_HEADER = "$(SRCROOT)/ZECI/Supporting Files/PrefixHeader.pch";
				INFOPLIST_FILE = "$(SRCROOT)/ZECI/Info.plist";
				IPHONEOS_DEPLOYMENT_TARGET = 10.0;
				LD_RUNPATH_SEARCH_PATHS = (
					"$(inherited)",
					"@executable_path/Frameworks",
				);
				PRODUCT_BUNDLE_IDENTIFIER = com.zzz.zeci;
				PRODUCT_NAME = "$(TARGET_NAME)";
				PROVISIONING_PROFILE = "";
				PROVISIONING_PROFILE_SPECIFIER = "";
				TARGETED_DEVICE_FAMILY = "1,2";
			};
			name = Release;
		};
		5E48F90120C6542F00422A6F /* Debug */ = {
			isa = XCBuildConfiguration;
			buildSettings = {
				BUNDLE_LOADER = "$(TEST_HOST)";
				CODE_SIGN_STYLE = Automatic;
				DEVELOPMENT_TEAM = BP42WMT6L5;
				INFOPLIST_FILE = ZECITests/Info.plist;
				LD_RUNPATH_SEARCH_PATHS = (
					"$(inherited)",
					"@executable_path/Frameworks",
					"@loader_path/Frameworks",
				);
				PRODUCT_BUNDLE_IDENTIFIER = com.zzz.ZECITests;
				PRODUCT_NAME = "$(TARGET_NAME)";
				TARGETED_DEVICE_FAMILY = "1,2";
				TEST_HOST = "$(BUILT_PRODUCTS_DIR)/ZECI.app/ZECI";
			};
			name = Debug;
		};
		5E48F90220C6542F00422A6F /* Release */ = {
			isa = XCBuildConfiguration;
			buildSettings = {
				BUNDLE_LOADER = "$(TEST_HOST)";
				CODE_SIGN_STYLE = Automatic;
				DEVELOPMENT_TEAM = BP42WMT6L5;
				INFOPLIST_FILE = ZECITests/Info.plist;
				LD_RUNPATH_SEARCH_PATHS = (
					"$(inherited)",
					"@executable_path/Frameworks",
					"@loader_path/Frameworks",
				);
				PRODUCT_BUNDLE_IDENTIFIER = com.zzz.ZECITests;
				PRODUCT_NAME = "$(TARGET_NAME)";
				TARGETED_DEVICE_FAMILY = "1,2";
				TEST_HOST = "$(BUILT_PRODUCTS_DIR)/ZECI.app/ZECI";
			};
			name = Release;
		};
		5E48F90420C6542F00422A6F /* Debug */ = {
			isa = XCBuildConfiguration;
			buildSettings = {
				CODE_SIGN_STYLE = Automatic;
				DEVELOPMENT_TEAM = BP42WMT6L5;
				INFOPLIST_FILE = ZECIUITests/Info.plist;
				LD_RUNPATH_SEARCH_PATHS = (
					"$(inherited)",
					"@executable_path/Frameworks",
					"@loader_path/Frameworks",
				);
				PRODUCT_BUNDLE_IDENTIFIER = com.zzz.ZECIUITests;
				PRODUCT_NAME = "$(TARGET_NAME)";
				TARGETED_DEVICE_FAMILY = "1,2";
				TEST_TARGET_NAME = ZECI;
			};
			name = Debug;
		};
		5E48F90520C6542F00422A6F /* Release */ = {
			isa = XCBuildConfiguration;
			buildSettings = {
				CODE_SIGN_STYLE = Automatic;
				DEVELOPMENT_TEAM = BP42WMT6L5;
				INFOPLIST_FILE = ZECIUITests/Info.plist;
				LD_RUNPATH_SEARCH_PATHS = (
					"$(inherited)",
					"@executable_path/Frameworks",
					"@loader_path/Frameworks",
				);
				PRODUCT_BUNDLE_IDENTIFIER = com.zzz.ZECIUITests;
				PRODUCT_NAME = "$(TARGET_NAME)";
				TARGETED_DEVICE_FAMILY = "1,2";
				TEST_TARGET_NAME = ZECI;
			};
			name = Release;
		};
/* End XCBuildConfiguration section */

/* Begin XCConfigurationList section */
		5E48F8CC20C6542E00422A6F /* Build configuration list for PBXProject "ZECI" */ = {
			isa = XCConfigurationList;
			buildConfigurations = (
				5E48F8FB20C6542F00422A6F /* Debug */,
				5E48F8FC20C6542F00422A6F /* Release */,
			);
			defaultConfigurationIsVisible = 0;
			defaultConfigurationName = Release;
		};
		5E48F8FD20C6542F00422A6F /* Build configuration list for PBXNativeTarget "ZECI" */ = {
			isa = XCConfigurationList;
			buildConfigurations = (
				5E48F8FE20C6542F00422A6F /* Debug */,
				5E48F8FF20C6542F00422A6F /* Release */,
			);
			defaultConfigurationIsVisible = 0;
			defaultConfigurationName = Release;
		};
		5E48F90020C6542F00422A6F /* Build configuration list for PBXNativeTarget "ZECITests" */ = {
			isa = XCConfigurationList;
			buildConfigurations = (
				5E48F90120C6542F00422A6F /* Debug */,
				5E48F90220C6542F00422A6F /* Release */,
			);
			defaultConfigurationIsVisible = 0;
			defaultConfigurationName = Release;
		};
		5E48F90320C6542F00422A6F /* Build configuration list for PBXNativeTarget "ZECIUITests" */ = {
			isa = XCConfigurationList;
			buildConfigurations = (
				5E48F90420C6542F00422A6F /* Debug */,
				5E48F90520C6542F00422A6F /* Release */,
			);
			defaultConfigurationIsVisible = 0;
			defaultConfigurationName = Release;
		};
/* End XCConfigurationList section */
	};
	rootObject = 5E48F8C920C6542E00422A6F /* Project object */;
}
